// !$*UTF8*$!
{
	archiveVersion = 1;
	classes = {
	};
	objectVersion = 46;
	objects = {

/* Begin PBXBuildFile section */
		1E4D483E1665158600949A5C /* info-tab.png in Resources */ = {isa = PBXBuildFile; fileRef = 1E4D48321665158600949A5C /* info-tab.png */; };
		1E4D483F1665158600949A5C /* info-tab@2x.png in Resources */ = {isa = PBXBuildFile; fileRef = 1E4D48331665158600949A5C /* info-tab@2x.png */; };
		1E4D48401665158600949A5C /* navigation-bar-back.png in Resources */ = {isa = PBXBuildFile; fileRef = 1E4D48341665158600949A5C /* navigation-bar-back.png */; };
		1E4D48411665158600949A5C /* navigation-bar-back@2x.png in Resources */ = {isa = PBXBuildFile; fileRef = 1E4D48351665158600949A5C /* navigation-bar-back@2x.png */; };
		1E4D48421665158600949A5C /* penalties-tab.png in Resources */ = {isa = PBXBuildFile; fileRef = 1E4D48361665158600949A5C /* penalties-tab.png */; };
		1E4D48431665158600949A5C /* penalties-tab@2x.png in Resources */ = {isa = PBXBuildFile; fileRef = 1E4D48371665158600949A5C /* penalties-tab@2x.png */; };
		1E4D48441665158600949A5C /* profiles-tab.png in Resources */ = {isa = PBXBuildFile; fileRef = 1E4D48381665158600949A5C /* profiles-tab.png */; };
		1E4D48451665158600949A5C /* profiles-tab@2x.png in Resources */ = {isa = PBXBuildFile; fileRef = 1E4D48391665158600949A5C /* profiles-tab@2x.png */; };
		1E4D48461665158600949A5C /* select-tab.png in Resources */ = {isa = PBXBuildFile; fileRef = 1E4D483A1665158600949A5C /* select-tab.png */; };
		1E4D48471665158600949A5C /* select-tab@2x.png in Resources */ = {isa = PBXBuildFile; fileRef = 1E4D483B1665158600949A5C /* select-tab@2x.png */; };
		1E4D48481665158600949A5C /* tab-bar-back.png in Resources */ = {isa = PBXBuildFile; fileRef = 1E4D483C1665158600949A5C /* tab-bar-back.png */; };
		1E4D48491665158600949A5C /* tab-bar-back@2x.png in Resources */ = {isa = PBXBuildFile; fileRef = 1E4D483D1665158600949A5C /* tab-bar-back@2x.png */; };
		1E4D487D1665604700949A5C /* CDao+Penalty.m in Sources */ = {isa = PBXBuildFile; fileRef = 1E4D487C1665604700949A5C /* CDao+Penalty.m */; };
		1E4D48801665611900949A5C /* CDao+Profile.m in Sources */ = {isa = PBXBuildFile; fileRef = 1E4D487F1665611900949A5C /* CDao+Profile.m */; };
		1E4D48831665613000949A5C /* CDao+Recipient.m in Sources */ = {isa = PBXBuildFile; fileRef = 1E4D48821665612F00949A5C /* CDao+Recipient.m */; };
		1E4D48861665D55D00949A5C /* CUpdateUtility.m in Sources */ = {isa = PBXBuildFile; fileRef = 1E4D48851665D55D00949A5C /* CUpdateUtility.m */; };
		1E9F0D251663D61E0017A2EB /* libTBXML-iOS.a in Frameworks */ = {isa = PBXBuildFile; fileRef = 1E9F0D211663D61E0017A2EB /* libTBXML-iOS.a */; };
		1E9F0D291663D8390017A2EB /* JSONKit.m in Sources */ = {isa = PBXBuildFile; fileRef = 1E9F0D281663D8390017A2EB /* JSONKit.m */; settings = {COMPILER_FLAGS = "-fno-objc-arc"; }; };
		1E9F0D301663DB210017A2EB /* CUpdater.m in Sources */ = {isa = PBXBuildFile; fileRef = 1E9F0D2F1663DB210017A2EB /* CUpdater.m */; };
		1EA471FD1661F330008CBFB3 /* CLoginViewController.m in Sources */ = {isa = PBXBuildFile; fileRef = 1EA471FC1661F330008CBFB3 /* CLoginViewController.m */; };
		1EAC82031669EFC900D6ED80 /* Profile.m in Sources */ = {isa = PBXBuildFile; fileRef = 1EAC82021669EFC900D6ED80 /* Profile.m */; };
		1EB1E47E166688AB006CEC41 /* Default.png in Resources */ = {isa = PBXBuildFile; fileRef = 1EB1E47C166688AB006CEC41 /* Default.png */; };
		1EB1E47F166688AB006CEC41 /* Default@2x.png in Resources */ = {isa = PBXBuildFile; fileRef = 1EB1E47D166688AB006CEC41 /* Default@2x.png */; };
		1EB1E48216669484006CEC41 /* Penalty.m in Sources */ = {isa = PBXBuildFile; fileRef = 1EB1E48116669484006CEC41 /* Penalty.m */; };
		1EB1E48816669485006CEC41 /* Recipient.m in Sources */ = {isa = PBXBuildFile; fileRef = 1EB1E48716669485006CEC41 /* Recipient.m */; };
		1EBBE6981660B3CD00708B6D /* UIKit.framework in Frameworks */ = {isa = PBXBuildFile; fileRef = 1EBBE6971660B3CD00708B6D /* UIKit.framework */; };
		1EBBE69A1660B3CD00708B6D /* Foundation.framework in Frameworks */ = {isa = PBXBuildFile; fileRef = 1EBBE6991660B3CD00708B6D /* Foundation.framework */; };
		1EBBE69C1660B3CD00708B6D /* CoreGraphics.framework in Frameworks */ = {isa = PBXBuildFile; fileRef = 1EBBE69B1660B3CD00708B6D /* CoreGraphics.framework */; };
		1EBBE6A21660B3CD00708B6D /* InfoPlist.strings in Resources */ = {isa = PBXBuildFile; fileRef = 1EBBE6A01660B3CD00708B6D /* InfoPlist.strings */; };
		1EBBE6A41660B3CD00708B6D /* main.m in Sources */ = {isa = PBXBuildFile; fileRef = 1EBBE6A31660B3CD00708B6D /* main.m */; };
		1EBBE6A81660B3CD00708B6D /* AppDelegate.m in Sources */ = {isa = PBXBuildFile; fileRef = 1EBBE6A71660B3CD00708B6D /* AppDelegate.m */; };
		1EBBE6B11660B3CD00708B6D /* MainStoryboard_iPhone.storyboard in Resources */ = {isa = PBXBuildFile; fileRef = 1EBBE6AF1660B3CD00708B6D /* MainStoryboard_iPhone.storyboard */; };
		1EBBE6B41660B3CD00708B6D /* MainStoryboard_iPad.storyboard in Resources */ = {isa = PBXBuildFile; fileRef = 1EBBE6B21660B3CD00708B6D /* MainStoryboard_iPad.storyboard */; };
		1EBBE6D41660B9AF00708B6D /* CDao.m in Sources */ = {isa = PBXBuildFile; fileRef = 1EBBE6CF1660B9AF00708B6D /* CDao.m */; };
		1EBBE6D61660B9AF00708B6D /* CDataAccessManager.m in Sources */ = {isa = PBXBuildFile; fileRef = 1EBBE6D31660B9AF00708B6D /* CDataAccessManager.m */; };
		1EBBE6E71660BE0100708B6D /* CCentralDispatcher.m in Sources */ = {isa = PBXBuildFile; fileRef = 1EBBE6E61660BE0100708B6D /* CCentralDispatcher.m */; };
		1EBBE6E91660BE4500708B6D /* CoreData.framework in Frameworks */ = {isa = PBXBuildFile; fileRef = 1EBBE6E81660BE4500708B6D /* CoreData.framework */; };
		1EBBE6EB1660BE4D00708B6D /* QuartzCore.framework in Frameworks */ = {isa = PBXBuildFile; fileRef = 1EBBE6EA1660BE4D00708B6D /* QuartzCore.framework */; };
		1EBBE6EE1660C18A00708B6D /* gpen.xcdatamodeld in Sources */ = {isa = PBXBuildFile; fileRef = 1EBBE6EC1660C18A00708B6D /* gpen.xcdatamodeld */; };
		1EBBE7031660CBD800708B6D /* CSplashViewController.m in Sources */ = {isa = PBXBuildFile; fileRef = 1EBBE6FF1660CBD800708B6D /* CSplashViewController.m */; };
		1EBBE70A1660CF9500708B6D /* Default-Portrait.png in Resources */ = {isa = PBXBuildFile; fileRef = 1EBBE7061660CF9500708B6D /* Default-Portrait.png */; };
		1EBBE70B1660CF9500708B6D /* Default-Portrait@2x.png in Resources */ = {isa = PBXBuildFile; fileRef = 1EBBE7071660CF9500708B6D /* Default-Portrait@2x.png */; };
		1EBBE7121660D48700708B6D /* Default-568h.png in Resources */ = {isa = PBXBuildFile; fileRef = 1EBBE70E1660D48700708B6D /* Default-568h.png */; };
		1EBBE7131660D48700708B6D /* Default-568h@2x.png in Resources */ = {isa = PBXBuildFile; fileRef = 1EBBE70F1660D48700708B6D /* Default-568h@2x.png */; };
		1EBBE7141660D48700708B6D /* Default-Landscape.png in Resources */ = {isa = PBXBuildFile; fileRef = 1EBBE7101660D48700708B6D /* Default-Landscape.png */; };
		1EBBE7151660D48700708B6D /* Default-Landscape@2x.png in Resources */ = {isa = PBXBuildFile; fileRef = 1EBBE7111660D48700708B6D /* Default-Landscape@2x.png */; };
		A0E83FC21663CAD800561612 /* CTextFieldCell.m in Sources */ = {isa = PBXBuildFile; fileRef = A0E83FC11663CAD800561612 /* CTextFieldCell.m */; };
		A0E83FC51663CC2300561612 /* CDisclosureCell.m in Sources */ = {isa = PBXBuildFile; fileRef = A0E83FC41663CC2300561612 /* CDisclosureCell.m */; };
		A0E83FD41666909500561612 /* CTextFieldWithLabel.m in Sources */ = {isa = PBXBuildFile; fileRef = A0E83FD31666909500561612 /* CTextFieldWithLabel.m */; };
		A0E83FD916669B1800561612 /* login-button-disabled.png in Resources */ = {isa = PBXBuildFile; fileRef = A0E83FD516669B1800561612 /* login-button-disabled.png */; };
		A0E83FDA16669B1800561612 /* login-button-disabled@2x.png in Resources */ = {isa = PBXBuildFile; fileRef = A0E83FD616669B1800561612 /* login-button-disabled@2x.png */; };
		A0E83FDB16669B1800561612 /* login-button.png in Resources */ = {isa = PBXBuildFile; fileRef = A0E83FD716669B1800561612 /* login-button.png */; };
		A0E83FDC16669B1800561612 /* login-button@2x.png in Resources */ = {isa = PBXBuildFile; fileRef = A0E83FD816669B1800561612 /* login-button@2x.png */; };
		A0E83FF61668C01400561612 /* CLoginClientEntity.m in Sources */ = {isa = PBXBuildFile; fileRef = A0E83FF51668C01400561612 /* CLoginClientEntity.m */; };
/* End PBXBuildFile section */

/* Begin PBXFileReference section */
		1E4D48321665158600949A5C /* info-tab.png */ = {isa = PBXFileReference; lastKnownFileType = image.png; name = "info-tab.png"; path = "Resources/info-tab.png"; sourceTree = "<group>"; };
		1E4D48331665158600949A5C /* info-tab@2x.png */ = {isa = PBXFileReference; lastKnownFileType = image.png; name = "info-tab@2x.png"; path = "Resources/info-tab@2x.png"; sourceTree = "<group>"; };
		1E4D48341665158600949A5C /* navigation-bar-back.png */ = {isa = PBXFileReference; lastKnownFileType = image.png; name = "navigation-bar-back.png"; path = "Resources/navigation-bar-back.png"; sourceTree = "<group>"; };
		1E4D48351665158600949A5C /* navigation-bar-back@2x.png */ = {isa = PBXFileReference; lastKnownFileType = image.png; name = "navigation-bar-back@2x.png"; path = "Resources/navigation-bar-back@2x.png"; sourceTree = "<group>"; };
		1E4D48361665158600949A5C /* penalties-tab.png */ = {isa = PBXFileReference; lastKnownFileType = image.png; name = "penalties-tab.png"; path = "Resources/penalties-tab.png"; sourceTree = "<group>"; };
		1E4D48371665158600949A5C /* penalties-tab@2x.png */ = {isa = PBXFileReference; lastKnownFileType = image.png; name = "penalties-tab@2x.png"; path = "Resources/penalties-tab@2x.png"; sourceTree = "<group>"; };
		1E4D48381665158600949A5C /* profiles-tab.png */ = {isa = PBXFileReference; lastKnownFileType = image.png; name = "profiles-tab.png"; path = "Resources/profiles-tab.png"; sourceTree = "<group>"; };
		1E4D48391665158600949A5C /* profiles-tab@2x.png */ = {isa = PBXFileReference; lastKnownFileType = image.png; name = "profiles-tab@2x.png"; path = "Resources/profiles-tab@2x.png"; sourceTree = "<group>"; };
		1E4D483A1665158600949A5C /* select-tab.png */ = {isa = PBXFileReference; lastKnownFileType = image.png; name = "select-tab.png"; path = "Resources/select-tab.png"; sourceTree = "<group>"; };
		1E4D483B1665158600949A5C /* select-tab@2x.png */ = {isa = PBXFileReference; lastKnownFileType = image.png; name = "select-tab@2x.png"; path = "Resources/select-tab@2x.png"; sourceTree = "<group>"; };
		1E4D483C1665158600949A5C /* tab-bar-back.png */ = {isa = PBXFileReference; lastKnownFileType = image.png; name = "tab-bar-back.png"; path = "Resources/tab-bar-back.png"; sourceTree = "<group>"; };
		1E4D483D1665158600949A5C /* tab-bar-back@2x.png */ = {isa = PBXFileReference; lastKnownFileType = image.png; name = "tab-bar-back@2x.png"; path = "Resources/tab-bar-back@2x.png"; sourceTree = "<group>"; };
		1E4D487B1665604700949A5C /* CDao+Penalty.h */ = {isa = PBXFileReference; fileEncoding = 4; lastKnownFileType = sourcecode.c.h; name = "CDao+Penalty.h"; path = "DataAccess/DAO/CDao+Penalty.h"; sourceTree = "<group>"; };
		1E4D487C1665604700949A5C /* CDao+Penalty.m */ = {isa = PBXFileReference; fileEncoding = 4; lastKnownFileType = sourcecode.c.objc; name = "CDao+Penalty.m"; path = "DataAccess/DAO/CDao+Penalty.m"; sourceTree = "<group>"; };
		1E4D487E1665611900949A5C /* CDao+Profile.h */ = {isa = PBXFileReference; fileEncoding = 4; lastKnownFileType = sourcecode.c.h; name = "CDao+Profile.h"; path = "DataAccess/DAO/CDao+Profile.h"; sourceTree = "<group>"; };
		1E4D487F1665611900949A5C /* CDao+Profile.m */ = {isa = PBXFileReference; fileEncoding = 4; lastKnownFileType = sourcecode.c.objc; name = "CDao+Profile.m"; path = "DataAccess/DAO/CDao+Profile.m"; sourceTree = "<group>"; };
		1E4D48811665612F00949A5C /* CDao+Recipient.h */ = {isa = PBXFileReference; fileEncoding = 4; lastKnownFileType = sourcecode.c.h; name = "CDao+Recipient.h"; path = "DataAccess/DAO/CDao+Recipient.h"; sourceTree = "<group>"; };
		1E4D48821665612F00949A5C /* CDao+Recipient.m */ = {isa = PBXFileReference; fileEncoding = 4; lastKnownFileType = sourcecode.c.objc; name = "CDao+Recipient.m"; path = "DataAccess/DAO/CDao+Recipient.m"; sourceTree = "<group>"; };
		1E4D48841665D55D00949A5C /* CUpdateUtility.h */ = {isa = PBXFileReference; fileEncoding = 4; lastKnownFileType = sourcecode.c.h; name = CUpdateUtility.h; path = Update/CUpdateUtility.h; sourceTree = "<group>"; };
		1E4D48851665D55D00949A5C /* CUpdateUtility.m */ = {isa = PBXFileReference; fileEncoding = 4; lastKnownFileType = sourcecode.c.objc; name = CUpdateUtility.m; path = Update/CUpdateUtility.m; sourceTree = "<group>"; };
		1E9F0D211663D61E0017A2EB /* libTBXML-iOS.a */ = {isa = PBXFileReference; lastKnownFileType = archive.ar; name = "libTBXML-iOS.a"; path = "Update/TBXML/libTBXML-iOS.a"; sourceTree = "<group>"; };
		1E9F0D221663D61E0017A2EB /* TBXML.h */ = {isa = PBXFileReference; fileEncoding = 4; lastKnownFileType = sourcecode.c.h; name = TBXML.h; path = Update/TBXML/TBXML.h; sourceTree = "<group>"; };
		1E9F0D231663D61E0017A2EB /* TBXML+Compression.h */ = {isa = PBXFileReference; fileEncoding = 4; lastKnownFileType = sourcecode.c.h; name = "TBXML+Compression.h"; path = "Update/TBXML/TBXML+Compression.h"; sourceTree = "<group>"; };
		1E9F0D241663D61E0017A2EB /* TBXML+HTTP.h */ = {isa = PBXFileReference; fileEncoding = 4; lastKnownFileType = sourcecode.c.h; name = "TBXML+HTTP.h"; path = "Update/TBXML/TBXML+HTTP.h"; sourceTree = "<group>"; };
		1E9F0D271663D8390017A2EB /* JSONKit.h */ = {isa = PBXFileReference; fileEncoding = 4; lastKnownFileType = sourcecode.c.h; name = JSONKit.h; path = Update/JSONKit/JSONKit.h; sourceTree = "<group>"; };
		1E9F0D281663D8390017A2EB /* JSONKit.m */ = {isa = PBXFileReference; fileEncoding = 4; lastKnownFileType = sourcecode.c.objc; name = JSONKit.m; path = Update/JSONKit/JSONKit.m; sourceTree = "<group>"; };
		1E9F0D2E1663DB210017A2EB /* CUpdater.h */ = {isa = PBXFileReference; fileEncoding = 4; lastKnownFileType = sourcecode.c.h; name = CUpdater.h; path = Update/CUpdater.h; sourceTree = "<group>"; };
		1E9F0D2F1663DB210017A2EB /* CUpdater.m */ = {isa = PBXFileReference; fileEncoding = 4; lastKnownFileType = sourcecode.c.objc; name = CUpdater.m; path = Update/CUpdater.m; sourceTree = "<group>"; };
		1EA471FB1661F330008CBFB3 /* CLoginViewController.h */ = {isa = PBXFileReference; fileEncoding = 4; lastKnownFileType = sourcecode.c.h; name = CLoginViewController.h; path = LoginScreen/CLoginViewController.h; sourceTree = "<group>"; };
		1EA471FC1661F330008CBFB3 /* CLoginViewController.m */ = {isa = PBXFileReference; fileEncoding = 4; lastKnownFileType = sourcecode.c.objc; name = CLoginViewController.m; path = LoginScreen/CLoginViewController.m; sourceTree = "<group>"; };
		1EAC82011669EFC900D6ED80 /* Profile.h */ = {isa = PBXFileReference; fileEncoding = 4; lastKnownFileType = sourcecode.c.h; name = Profile.h; path = DataAccess/Model/Profile.h; sourceTree = "<group>"; };
		1EAC82021669EFC900D6ED80 /* Profile.m */ = {isa = PBXFileReference; fileEncoding = 4; lastKnownFileType = sourcecode.c.objc; name = Profile.m; path = DataAccess/Model/Profile.m; sourceTree = "<group>"; };
		1EB1E47C166688AB006CEC41 /* Default.png */ = {isa = PBXFileReference; lastKnownFileType = image.png; path = Default.png; sourceTree = "<group>"; };
		1EB1E47D166688AB006CEC41 /* Default@2x.png */ = {isa = PBXFileReference; lastKnownFileType = image.png; path = "Default@2x.png"; sourceTree = "<group>"; };
		1EB1E48016669484006CEC41 /* Penalty.h */ = {isa = PBXFileReference; fileEncoding = 4; lastKnownFileType = sourcecode.c.h; name = Penalty.h; path = DataAccess/Model/Penalty.h; sourceTree = "<group>"; };
		1EB1E48116669484006CEC41 /* Penalty.m */ = {isa = PBXFileReference; fileEncoding = 4; lastKnownFileType = sourcecode.c.objc; name = Penalty.m; path = DataAccess/Model/Penalty.m; sourceTree = "<group>"; };
		1EB1E48616669485006CEC41 /* Recipient.h */ = {isa = PBXFileReference; fileEncoding = 4; lastKnownFileType = sourcecode.c.h; name = Recipient.h; path = DataAccess/Model/Recipient.h; sourceTree = "<group>"; };
		1EB1E48716669485006CEC41 /* Recipient.m */ = {isa = PBXFileReference; fileEncoding = 4; lastKnownFileType = sourcecode.c.objc; name = Recipient.m; path = DataAccess/Model/Recipient.m; sourceTree = "<group>"; };
		1EBBE6931660B3CD00708B6D /* gpen.app */ = {isa = PBXFileReference; explicitFileType = wrapper.application; includeInIndex = 0; path = gpen.app; sourceTree = BUILT_PRODUCTS_DIR; };
		1EBBE6971660B3CD00708B6D /* UIKit.framework */ = {isa = PBXFileReference; lastKnownFileType = wrapper.framework; name = UIKit.framework; path = System/Library/Frameworks/UIKit.framework; sourceTree = SDKROOT; };
		1EBBE6991660B3CD00708B6D /* Foundation.framework */ = {isa = PBXFileReference; lastKnownFileType = wrapper.framework; name = Foundation.framework; path = System/Library/Frameworks/Foundation.framework; sourceTree = SDKROOT; };
		1EBBE69B1660B3CD00708B6D /* CoreGraphics.framework */ = {isa = PBXFileReference; lastKnownFileType = wrapper.framework; name = CoreGraphics.framework; path = System/Library/Frameworks/CoreGraphics.framework; sourceTree = SDKROOT; };
		1EBBE69F1660B3CD00708B6D /* gpen-Info.plist */ = {isa = PBXFileReference; lastKnownFileType = text.plist.xml; path = "gpen-Info.plist"; sourceTree = "<group>"; };
		1EBBE6A11660B3CD00708B6D /* en */ = {isa = PBXFileReference; lastKnownFileType = text.plist.strings; name = en; path = en.lproj/InfoPlist.strings; sourceTree = "<group>"; };
		1EBBE6A31660B3CD00708B6D /* main.m */ = {isa = PBXFileReference; lastKnownFileType = sourcecode.c.objc; path = main.m; sourceTree = "<group>"; };
		1EBBE6A51660B3CD00708B6D /* gpen-Prefix.pch */ = {isa = PBXFileReference; lastKnownFileType = sourcecode.c.h; path = "gpen-Prefix.pch"; sourceTree = "<group>"; };
		1EBBE6A61660B3CD00708B6D /* AppDelegate.h */ = {isa = PBXFileReference; lastKnownFileType = sourcecode.c.h; path = AppDelegate.h; sourceTree = "<group>"; };
		1EBBE6A71660B3CD00708B6D /* AppDelegate.m */ = {isa = PBXFileReference; lastKnownFileType = sourcecode.c.objc; path = AppDelegate.m; sourceTree = "<group>"; };
		1EBBE6B01660B3CD00708B6D /* en */ = {isa = PBXFileReference; lastKnownFileType = file.storyboard; name = en; path = en.lproj/MainStoryboard_iPhone.storyboard; sourceTree = "<group>"; };
		1EBBE6B31660B3CD00708B6D /* en */ = {isa = PBXFileReference; lastKnownFileType = file.storyboard; name = en; path = en.lproj/MainStoryboard_iPad.storyboard; sourceTree = "<group>"; };
		1EBBE6CE1660B9AF00708B6D /* CDao.h */ = {isa = PBXFileReference; fileEncoding = 4; lastKnownFileType = sourcecode.c.h; name = CDao.h; path = DataAccess/CDao.h; sourceTree = "<group>"; };
		1EBBE6CF1660B9AF00708B6D /* CDao.m */ = {isa = PBXFileReference; fileEncoding = 4; lastKnownFileType = sourcecode.c.objc; name = CDao.m; path = DataAccess/CDao.m; sourceTree = "<group>"; };
		1EBBE6D21660B9AF00708B6D /* CDataAccessManager.h */ = {isa = PBXFileReference; fileEncoding = 4; lastKnownFileType = sourcecode.c.h; name = CDataAccessManager.h; path = DataAccess/CDataAccessManager.h; sourceTree = "<group>"; };
		1EBBE6D31660B9AF00708B6D /* CDataAccessManager.m */ = {isa = PBXFileReference; fileEncoding = 4; lastKnownFileType = sourcecode.c.objc; name = CDataAccessManager.m; path = DataAccess/CDataAccessManager.m; sourceTree = "<group>"; };
		1EBBE6E51660BE0100708B6D /* CCentralDispatcher.h */ = {isa = PBXFileReference; fileEncoding = 4; lastKnownFileType = sourcecode.c.h; name = CCentralDispatcher.h; path = Dispatcher/CCentralDispatcher.h; sourceTree = "<group>"; };
		1EBBE6E61660BE0100708B6D /* CCentralDispatcher.m */ = {isa = PBXFileReference; fileEncoding = 4; lastKnownFileType = sourcecode.c.objc; name = CCentralDispatcher.m; path = Dispatcher/CCentralDispatcher.m; sourceTree = "<group>"; };
		1EBBE6E81660BE4500708B6D /* CoreData.framework */ = {isa = PBXFileReference; lastKnownFileType = wrapper.framework; name = CoreData.framework; path = System/Library/Frameworks/CoreData.framework; sourceTree = SDKROOT; };
		1EBBE6EA1660BE4D00708B6D /* QuartzCore.framework */ = {isa = PBXFileReference; lastKnownFileType = wrapper.framework; name = QuartzCore.framework; path = System/Library/Frameworks/QuartzCore.framework; sourceTree = SDKROOT; };
		1EBBE6ED1660C18A00708B6D /* gpen.xcdatamodel */ = {isa = PBXFileReference; lastKnownFileType = wrapper.xcdatamodel; path = gpen.xcdatamodel; sourceTree = "<group>"; };
		1EBBE6FE1660CBD800708B6D /* CSplashViewController.h */ = {isa = PBXFileReference; fileEncoding = 4; lastKnownFileType = sourcecode.c.h; path = CSplashViewController.h; sourceTree = "<group>"; };
		1EBBE6FF1660CBD800708B6D /* CSplashViewController.m */ = {isa = PBXFileReference; fileEncoding = 4; lastKnownFileType = sourcecode.c.objc; path = CSplashViewController.m; sourceTree = "<group>"; };
		1EBBE7061660CF9500708B6D /* Default-Portrait.png */ = {isa = PBXFileReference; lastKnownFileType = image.png; path = "Default-Portrait.png"; sourceTree = "<group>"; };
		1EBBE7071660CF9500708B6D /* Default-Portrait@2x.png */ = {isa = PBXFileReference; lastKnownFileType = image.png; path = "Default-Portrait@2x.png"; sourceTree = "<group>"; };
		1EBBE70E1660D48700708B6D /* Default-568h.png */ = {isa = PBXFileReference; lastKnownFileType = image.png; path = "Default-568h.png"; sourceTree = "<group>"; };
		1EBBE70F1660D48700708B6D /* Default-568h@2x.png */ = {isa = PBXFileReference; lastKnownFileType = image.png; path = "Default-568h@2x.png"; sourceTree = "<group>"; };
		1EBBE7101660D48700708B6D /* Default-Landscape.png */ = {isa = PBXFileReference; lastKnownFileType = image.png; path = "Default-Landscape.png"; sourceTree = "<group>"; };
		1EBBE7111660D48700708B6D /* Default-Landscape@2x.png */ = {isa = PBXFileReference; lastKnownFileType = image.png; path = "Default-Landscape@2x.png"; sourceTree = "<group>"; };
		A0E83FC01663CAD800561612 /* CTextFieldCell.h */ = {isa = PBXFileReference; fileEncoding = 4; lastKnownFileType = sourcecode.c.h; name = CTextFieldCell.h; path = CustomCells/CTextFieldCell.h; sourceTree = "<group>"; };
		A0E83FC11663CAD800561612 /* CTextFieldCell.m */ = {isa = PBXFileReference; fileEncoding = 4; lastKnownFileType = sourcecode.c.objc; name = CTextFieldCell.m; path = CustomCells/CTextFieldCell.m; sourceTree = "<group>"; };
		A0E83FC31663CC2300561612 /* CDisclosureCell.h */ = {isa = PBXFileReference; fileEncoding = 4; lastKnownFileType = sourcecode.c.h; name = CDisclosureCell.h; path = CustomCells/CDisclosureCell.h; sourceTree = "<group>"; };
		A0E83FC41663CC2300561612 /* CDisclosureCell.m */ = {isa = PBXFileReference; fileEncoding = 4; lastKnownFileType = sourcecode.c.objc; name = CDisclosureCell.m; path = CustomCells/CDisclosureCell.m; sourceTree = "<group>"; };
		A0E83FD21666909500561612 /* CTextFieldWithLabel.h */ = {isa = PBXFileReference; fileEncoding = 4; lastKnownFileType = sourcecode.c.h; name = CTextFieldWithLabel.h; path = CustomCells/CTextFieldWithLabel.h; sourceTree = "<group>"; };
		A0E83FD31666909500561612 /* CTextFieldWithLabel.m */ = {isa = PBXFileReference; fileEncoding = 4; lastKnownFileType = sourcecode.c.objc; name = CTextFieldWithLabel.m; path = CustomCells/CTextFieldWithLabel.m; sourceTree = "<group>"; };
		A0E83FD516669B1800561612 /* login-button-disabled.png */ = {isa = PBXFileReference; lastKnownFileType = image.png; name = "login-button-disabled.png"; path = "Resources/login-button-disabled.png"; sourceTree = "<group>"; };
		A0E83FD616669B1800561612 /* login-button-disabled@2x.png */ = {isa = PBXFileReference; lastKnownFileType = image.png; name = "login-button-disabled@2x.png"; path = "Resources/login-button-disabled@2x.png"; sourceTree = "<group>"; };
		A0E83FD716669B1800561612 /* login-button.png */ = {isa = PBXFileReference; lastKnownFileType = image.png; name = "login-button.png"; path = "Resources/login-button.png"; sourceTree = "<group>"; };
		A0E83FD816669B1800561612 /* login-button@2x.png */ = {isa = PBXFileReference; lastKnownFileType = image.png; name = "login-button@2x.png"; path = "Resources/login-button@2x.png"; sourceTree = "<group>"; };
		A0E83FF41668C01400561612 /* CLoginClientEntity.h */ = {isa = PBXFileReference; fileEncoding = 4; lastKnownFileType = sourcecode.c.h; path = CLoginClientEntity.h; sourceTree = "<group>"; };
		A0E83FF51668C01400561612 /* CLoginClientEntity.m */ = {isa = PBXFileReference; fileEncoding = 4; lastKnownFileType = sourcecode.c.objc; path = CLoginClientEntity.m; sourceTree = "<group>"; };
/* End PBXFileReference section */

/* Begin PBXFrameworksBuildPhase section */
		1EBBE6901660B3CD00708B6D /* Frameworks */ = {
			isa = PBXFrameworksBuildPhase;
			buildActionMask = 2147483647;
			files = (
				1EBBE6EB1660BE4D00708B6D /* QuartzCore.framework in Frameworks */,
				1EBBE6E91660BE4500708B6D /* CoreData.framework in Frameworks */,
				1EBBE6981660B3CD00708B6D /* UIKit.framework in Frameworks */,
				1EBBE69A1660B3CD00708B6D /* Foundation.framework in Frameworks */,
				1EBBE69C1660B3CD00708B6D /* CoreGraphics.framework in Frameworks */,
				1E9F0D251663D61E0017A2EB /* libTBXML-iOS.a in Frameworks */,
			);
			runOnlyForDeploymentPostprocessing = 0;
		};
/* End PBXFrameworksBuildPhase section */

/* Begin PBXGroup section */
		1E4D48301665157500949A5C /* Resources */ = {
			isa = PBXGroup;
			children = (
				A0E83FD516669B1800561612 /* login-button-disabled.png */,
				A0E83FD616669B1800561612 /* login-button-disabled@2x.png */,
				A0E83FD716669B1800561612 /* login-button.png */,
				A0E83FD816669B1800561612 /* login-button@2x.png */,
				1E4D48321665158600949A5C /* info-tab.png */,
				1E4D48331665158600949A5C /* info-tab@2x.png */,
				1E4D48341665158600949A5C /* navigation-bar-back.png */,
				1E4D48351665158600949A5C /* navigation-bar-back@2x.png */,
				1E4D48361665158600949A5C /* penalties-tab.png */,
				1E4D48371665158600949A5C /* penalties-tab@2x.png */,
				1E4D48381665158600949A5C /* profiles-tab.png */,
				1E4D48391665158600949A5C /* profiles-tab@2x.png */,
				1E4D483A1665158600949A5C /* select-tab.png */,
				1E4D483B1665158600949A5C /* select-tab@2x.png */,
				1E4D483C1665158600949A5C /* tab-bar-back.png */,
				1E4D483D1665158600949A5C /* tab-bar-back@2x.png */,
			);
			name = Resources;
			sourceTree = "<group>";
		};
		1E9F0D1E1663D6050017A2EB /* Update */ = {
			isa = PBXGroup;
			children = (
				1E9F0D261663D8200017A2EB /* JSONKit */,
				1E9F0D201663D60D0017A2EB /* TBXML */,
				1E9F0D2E1663DB210017A2EB /* CUpdater.h */,
				1E9F0D2F1663DB210017A2EB /* CUpdater.m */,
				1E4D48841665D55D00949A5C /* CUpdateUtility.h */,
				1E4D48851665D55D00949A5C /* CUpdateUtility.m */,
			);
			name = Update;
			sourceTree = "<group>";
		};
		1E9F0D201663D60D0017A2EB /* TBXML */ = {
			isa = PBXGroup;
			children = (
				1E9F0D211663D61E0017A2EB /* libTBXML-iOS.a */,
				1E9F0D221663D61E0017A2EB /* TBXML.h */,
				1E9F0D231663D61E0017A2EB /* TBXML+Compression.h */,
				1E9F0D241663D61E0017A2EB /* TBXML+HTTP.h */,
			);
			name = TBXML;
			sourceTree = "<group>";
		};
		1E9F0D261663D8200017A2EB /* JSONKit */ = {
			isa = PBXGroup;
			children = (
				1E9F0D271663D8390017A2EB /* JSONKit.h */,
				1E9F0D281663D8390017A2EB /* JSONKit.m */,
			);
			name = JSONKit;
			sourceTree = "<group>";
		};
		1EA471FA1661F2E4008CBFB3 /* LoginScreen */ = {
			isa = PBXGroup;
			children = (
				1EA471FB1661F330008CBFB3 /* CLoginViewController.h */,
				1EA471FC1661F330008CBFB3 /* CLoginViewController.m */,
			);
			name = LoginScreen;
			sourceTree = "<group>";
		};
		1EBBE6881660B3CD00708B6D = {
			isa = PBXGroup;
			children = (
				1EBBE69D1660B3CD00708B6D /* gpen */,
				1EBBE6961660B3CD00708B6D /* Frameworks */,
				1EBBE6941660B3CD00708B6D /* Products */,
			);
			sourceTree = "<group>";
		};
		1EBBE6941660B3CD00708B6D /* Products */ = {
			isa = PBXGroup;
			children = (
				1EBBE6931660B3CD00708B6D /* gpen.app */,
			);
			name = Products;
			sourceTree = "<group>";
		};
		1EBBE6961660B3CD00708B6D /* Frameworks */ = {
			isa = PBXGroup;
			children = (
				1EBBE6EA1660BE4D00708B6D /* QuartzCore.framework */,
				1EBBE6E81660BE4500708B6D /* CoreData.framework */,
				1EBBE6971660B3CD00708B6D /* UIKit.framework */,
				1EBBE6991660B3CD00708B6D /* Foundation.framework */,
				1EBBE69B1660B3CD00708B6D /* CoreGraphics.framework */,
			);
			name = Frameworks;
			sourceTree = "<group>";
		};
		1EBBE69D1660B3CD00708B6D /* gpen */ = {
			isa = PBXGroup;
			children = (
				A0E83FF21668BFFC00561612 /* Entities */,
				1E4D48301665157500949A5C /* Resources */,
				1E9F0D1E1663D6050017A2EB /* Update */,
				A0E83FBF1663CA7B00561612 /* CustomCells */,
				1EA471FA1661F2E4008CBFB3 /* LoginScreen */,
				1EBBE6FD1660CBD800708B6D /* SplashScreen */,
				1EBBE6E41660BDEE00708B6D /* Dispatcher */,
				1EBBE6CC1660B90500708B6D /* DataAccess */,
				1EBBE6A61660B3CD00708B6D /* AppDelegate.h */,
				1EBBE6A71660B3CD00708B6D /* AppDelegate.m */,
				1EBBE6AF1660B3CD00708B6D /* MainStoryboard_iPhone.storyboard */,
				1EBBE6B21660B3CD00708B6D /* MainStoryboard_iPad.storyboard */,
				1EBBE69E1660B3CD00708B6D /* Supporting Files */,
			);
			path = gpen;
			sourceTree = "<group>";
		};
		1EBBE69E1660B3CD00708B6D /* Supporting Files */ = {
			isa = PBXGroup;
			children = (
				1EBBE69F1660B3CD00708B6D /* gpen-Info.plist */,
				1EBBE6A01660B3CD00708B6D /* InfoPlist.strings */,
				1EBBE6A31660B3CD00708B6D /* main.m */,
				1EBBE6A51660B3CD00708B6D /* gpen-Prefix.pch */,
			);
			name = "Supporting Files";
			sourceTree = "<group>";
		};
		1EBBE6CC1660B90500708B6D /* DataAccess */ = {
			isa = PBXGroup;
			children = (
				1EBBE6F01660C1E600708B6D /* DAO */,
				1EBBE6EF1660C1AC00708B6D /* Model */,
				1EBBE6CE1660B9AF00708B6D /* CDao.h */,
				1EBBE6CF1660B9AF00708B6D /* CDao.m */,
				1EBBE6D21660B9AF00708B6D /* CDataAccessManager.h */,
				1EBBE6D31660B9AF00708B6D /* CDataAccessManager.m */,
				1EBBE6EC1660C18A00708B6D /* gpen.xcdatamodeld */,
			);
			name = DataAccess;
			sourceTree = "<group>";
		};
		1EBBE6E41660BDEE00708B6D /* Dispatcher */ = {
			isa = PBXGroup;
			children = (
				1EBBE6E51660BE0100708B6D /* CCentralDispatcher.h */,
				1EBBE6E61660BE0100708B6D /* CCentralDispatcher.m */,
			);
			name = Dispatcher;
			sourceTree = "<group>";
		};
		1EBBE6EF1660C1AC00708B6D /* Model */ = {
			isa = PBXGroup;
			children = (
				1EB1E48616669485006CEC41 /* Recipient.h */,
				1EB1E48716669485006CEC41 /* Recipient.m */,
				1EB1E48016669484006CEC41 /* Penalty.h */,
				1EB1E48116669484006CEC41 /* Penalty.m */,
				1EAC82011669EFC900D6ED80 /* Profile.h */,
				1EAC82021669EFC900D6ED80 /* Profile.m */,
			);
			name = Model;
			sourceTree = "<group>";
		};
		1EBBE6F01660C1E600708B6D /* DAO */ = {
			isa = PBXGroup;
			children = (
				1E4D487B1665604700949A5C /* CDao+Penalty.h */,
				1E4D487C1665604700949A5C /* CDao+Penalty.m */,
				1E4D487E1665611900949A5C /* CDao+Profile.h */,
				1E4D487F1665611900949A5C /* CDao+Profile.m */,
				1E4D48811665612F00949A5C /* CDao+Recipient.h */,
				1E4D48821665612F00949A5C /* CDao+Recipient.m */,
			);
			name = DAO;
			sourceTree = "<group>";
		};
		1EBBE6FD1660CBD800708B6D /* SplashScreen */ = {
			isa = PBXGroup;
			children = (
				1EBBE6FE1660CBD800708B6D /* CSplashViewController.h */,
				1EBBE6FF1660CBD800708B6D /* CSplashViewController.m */,
				1EBBE7001660CBD800708B6D /* Resources */,
			);
			path = SplashScreen;
			sourceTree = "<group>";
		};
		1EBBE7001660CBD800708B6D /* Resources */ = {
			isa = PBXGroup;
			children = (
				1EB1E47C166688AB006CEC41 /* Default.png */,
				1EB1E47D166688AB006CEC41 /* Default@2x.png */,
				1EBBE70E1660D48700708B6D /* Default-568h.png */,
				1EBBE70F1660D48700708B6D /* Default-568h@2x.png */,
				1EBBE7101660D48700708B6D /* Default-Landscape.png */,
				1EBBE7111660D48700708B6D /* Default-Landscape@2x.png */,
				1EBBE7061660CF9500708B6D /* Default-Portrait.png */,
				1EBBE7071660CF9500708B6D /* Default-Portrait@2x.png */,
			);
			path = Resources;
			sourceTree = "<group>";
		};
		A0E83FBF1663CA7B00561612 /* CustomCells */ = {
			isa = PBXGroup;
			children = (
				A0E83FD21666909500561612 /* CTextFieldWithLabel.h */,
				A0E83FD31666909500561612 /* CTextFieldWithLabel.m */,
				A0E83FC01663CAD800561612 /* CTextFieldCell.h */,
				A0E83FC11663CAD800561612 /* CTextFieldCell.m */,
				A0E83FC31663CC2300561612 /* CDisclosureCell.h */,
				A0E83FC41663CC2300561612 /* CDisclosureCell.m */,
			);
			name = CustomCells;
			sourceTree = "<group>";
		};
		A0E83FF21668BFFC00561612 /* Entities */ = {
			isa = PBXGroup;
			children = (
				A0E83FF41668C01400561612 /* CLoginClientEntity.h */,
				A0E83FF51668C01400561612 /* CLoginClientEntity.m */,
			);
			path = Entities;
			sourceTree = "<group>";
		};
/* End PBXGroup section */

/* Begin PBXNativeTarget section */
		1EBBE6921660B3CD00708B6D /* gpen */ = {
			isa = PBXNativeTarget;
			buildConfigurationList = 1EBBE6C51660B3CD00708B6D /* Build configuration list for PBXNativeTarget "gpen" */;
			buildPhases = (
				1EBBE68F1660B3CD00708B6D /* Sources */,
				1EBBE6901660B3CD00708B6D /* Frameworks */,
				1EBBE6911660B3CD00708B6D /* Resources */,
			);
			buildRules = (
			);
			dependencies = (
			);
			name = gpen;
			productName = gpen;
			productReference = 1EBBE6931660B3CD00708B6D /* gpen.app */;
			productType = "com.apple.product-type.application";
		};
/* End PBXNativeTarget section */

/* Begin PBXProject section */
		1EBBE68A1660B3CD00708B6D /* Project object */ = {
			isa = PBXProject;
			attributes = {
				LastUpgradeCheck = 0450;
				ORGANIZATIONNAME = XP.Guild;
			};
			buildConfigurationList = 1EBBE68D1660B3CD00708B6D /* Build configuration list for PBXProject "gpen" */;
			compatibilityVersion = "Xcode 3.2";
			developmentRegion = English;
			hasScannedForEncodings = 0;
			knownRegions = (
				en,
			);
			mainGroup = 1EBBE6881660B3CD00708B6D;
			productRefGroup = 1EBBE6941660B3CD00708B6D /* Products */;
			projectDirPath = "";
			projectRoot = "";
			targets = (
				1EBBE6921660B3CD00708B6D /* gpen */,
			);
		};
/* End PBXProject section */

/* Begin PBXResourcesBuildPhase section */
		1EBBE6911660B3CD00708B6D /* Resources */ = {
			isa = PBXResourcesBuildPhase;
			buildActionMask = 2147483647;
			files = (
				1EBBE6A21660B3CD00708B6D /* InfoPlist.strings in Resources */,
				1EBBE6B11660B3CD00708B6D /* MainStoryboard_iPhone.storyboard in Resources */,
				1EBBE6B41660B3CD00708B6D /* MainStoryboard_iPad.storyboard in Resources */,
				1EBBE70A1660CF9500708B6D /* Default-Portrait.png in Resources */,
				1EBBE70B1660CF9500708B6D /* Default-Portrait@2x.png in Resources */,
				1EBBE7121660D48700708B6D /* Default-568h.png in Resources */,
				1EBBE7131660D48700708B6D /* Default-568h@2x.png in Resources */,
				1EBBE7141660D48700708B6D /* Default-Landscape.png in Resources */,
				1EBBE7151660D48700708B6D /* Default-Landscape@2x.png in Resources */,
				1E4D483E1665158600949A5C /* info-tab.png in Resources */,
				1E4D483F1665158600949A5C /* info-tab@2x.png in Resources */,
				1E4D48401665158600949A5C /* navigation-bar-back.png in Resources */,
				1E4D48411665158600949A5C /* navigation-bar-back@2x.png in Resources */,
				1E4D48421665158600949A5C /* penalties-tab.png in Resources */,
				1E4D48431665158600949A5C /* penalties-tab@2x.png in Resources */,
				1E4D48441665158600949A5C /* profiles-tab.png in Resources */,
				1E4D48451665158600949A5C /* profiles-tab@2x.png in Resources */,
				1E4D48461665158600949A5C /* select-tab.png in Resources */,
				1E4D48471665158600949A5C /* select-tab@2x.png in Resources */,
				1E4D48481665158600949A5C /* tab-bar-back.png in Resources */,
				1E4D48491665158600949A5C /* tab-bar-back@2x.png in Resources */,
				1EB1E47E166688AB006CEC41 /* Default.png in Resources */,
				1EB1E47F166688AB006CEC41 /* Default@2x.png in Resources */,
				A0E83FD916669B1800561612 /* login-button-disabled.png in Resources */,
				A0E83FDA16669B1800561612 /* login-button-disabled@2x.png in Resources */,
				A0E83FDB16669B1800561612 /* login-button.png in Resources */,
				A0E83FDC16669B1800561612 /* login-button@2x.png in Resources */,
			);
			runOnlyForDeploymentPostprocessing = 0;
		};
/* End PBXResourcesBuildPhase section */

/* Begin PBXSourcesBuildPhase section */
		1EBBE68F1660B3CD00708B6D /* Sources */ = {
			isa = PBXSourcesBuildPhase;
			buildActionMask = 2147483647;
			files = (
				1EBBE6A41660B3CD00708B6D /* main.m in Sources */,
				1EBBE6A81660B3CD00708B6D /* AppDelegate.m in Sources */,
				1EBBE6D41660B9AF00708B6D /* CDao.m in Sources */,
				1EBBE6D61660B9AF00708B6D /* CDataAccessManager.m in Sources */,
				1EBBE6E71660BE0100708B6D /* CCentralDispatcher.m in Sources */,
				1EBBE6EE1660C18A00708B6D /* gpen.xcdatamodeld in Sources */,
				1EBBE7031660CBD800708B6D /* CSplashViewController.m in Sources */,
				1EA471FD1661F330008CBFB3 /* CLoginViewController.m in Sources */,
				1E9F0D291663D8390017A2EB /* JSONKit.m in Sources */,
				1E9F0D301663DB210017A2EB /* CUpdater.m in Sources */,
				A0E83FC21663CAD800561612 /* CTextFieldCell.m in Sources */,
				A0E83FC51663CC2300561612 /* CDisclosureCell.m in Sources */,
				1E4D487D1665604700949A5C /* CDao+Penalty.m in Sources */,
				1E4D48801665611900949A5C /* CDao+Profile.m in Sources */,
				1E4D48831665613000949A5C /* CDao+Recipient.m in Sources */,
				1E4D48861665D55D00949A5C /* CUpdateUtility.m in Sources */,
				1EB1E48216669484006CEC41 /* Penalty.m in Sources */,
				1EB1E48816669485006CEC41 /* Recipient.m in Sources */,
				A0E83FD41666909500561612 /* CTextFieldWithLabel.m in Sources */,
				A0E83FF61668C01400561612 /* CLoginClientEntity.m in Sources */,
				1EAC82031669EFC900D6ED80 /* Profile.m in Sources */,
			);
			runOnlyForDeploymentPostprocessing = 0;
		};
/* End PBXSourcesBuildPhase section */

/* Begin PBXVariantGroup section */
		1EBBE6A01660B3CD00708B6D /* InfoPlist.strings */ = {
			isa = PBXVariantGroup;
			children = (
				1EBBE6A11660B3CD00708B6D /* en */,
			);
			name = InfoPlist.strings;
			sourceTree = "<group>";
		};
		1EBBE6AF1660B3CD00708B6D /* MainStoryboard_iPhone.storyboard */ = {
			isa = PBXVariantGroup;
			children = (
				1EBBE6B01660B3CD00708B6D /* en */,
			);
			name = MainStoryboard_iPhone.storyboard;
			sourceTree = "<group>";
		};
		1EBBE6B21660B3CD00708B6D /* MainStoryboard_iPad.storyboard */ = {
			isa = PBXVariantGroup;
			children = (
				1EBBE6B31660B3CD00708B6D /* en */,
			);
			name = MainStoryboard_iPad.storyboard;
			sourceTree = "<group>";
		};
/* End PBXVariantGroup section */

/* Begin XCBuildConfiguration section */
		1EBBE6C31660B3CD00708B6D /* Debug */ = {
			isa = XCBuildConfiguration;
			buildSettings = {
				ALWAYS_SEARCH_USER_PATHS = NO;
				CLANG_CXX_LANGUAGE_STANDARD = "gnu++0x";
				CLANG_CXX_LIBRARY = "libc++";
				CLANG_ENABLE_OBJC_ARC = YES;
				CLANG_WARN_EMPTY_BODY = YES;
				CLANG_WARN__DUPLICATE_METHOD_MATCH = YES;
				"CODE_SIGN_IDENTITY[sdk=iphoneos*]" = "iPhone Developer";
				COPY_PHASE_STRIP = NO;
				GCC_C_LANGUAGE_STANDARD = gnu99;
				GCC_DYNAMIC_NO_PIC = NO;
				GCC_OPTIMIZATION_LEVEL = 0;
				GCC_PREPROCESSOR_DEFINITIONS = (
					"DEBUG=1",
					"$(inherited)",
				);
				GCC_SYMBOLS_PRIVATE_EXTERN = NO;
				GCC_WARN_ABOUT_RETURN_TYPE = YES;
				GCC_WARN_UNINITIALIZED_AUTOS = YES;
				GCC_WARN_UNUSED_VARIABLE = YES;
				IPHONEOS_DEPLOYMENT_TARGET = 6.0;
				ONLY_ACTIVE_ARCH = YES;
				SDKROOT = iphoneos;
				TARGETED_DEVICE_FAMILY = "1,2";
			};
			name = Debug;
		};
		1EBBE6C41660B3CD00708B6D /* Release */ = {
			isa = XCBuildConfiguration;
			buildSettings = {
				ALWAYS_SEARCH_USER_PATHS = NO;
				CLANG_CXX_LANGUAGE_STANDARD = "gnu++0x";
				CLANG_CXX_LIBRARY = "libc++";
				CLANG_ENABLE_OBJC_ARC = YES;
				CLANG_WARN_EMPTY_BODY = YES;
				CLANG_WARN__DUPLICATE_METHOD_MATCH = YES;
				"CODE_SIGN_IDENTITY[sdk=iphoneos*]" = "iPhone Developer";
				COPY_PHASE_STRIP = YES;
				GCC_C_LANGUAGE_STANDARD = gnu99;
				GCC_WARN_ABOUT_RETURN_TYPE = YES;
				GCC_WARN_UNINITIALIZED_AUTOS = YES;
				GCC_WARN_UNUSED_VARIABLE = YES;
				IPHONEOS_DEPLOYMENT_TARGET = 6.0;
				OTHER_CFLAGS = "-DNS_BLOCK_ASSERTIONS=1";
				SDKROOT = iphoneos;
				TARGETED_DEVICE_FAMILY = "1,2";
				VALIDATE_PRODUCT = YES;
			};
			name = Release;
		};
		1EBBE6C61660B3CD00708B6D /* Debug */ = {
			isa = XCBuildConfiguration;
			buildSettings = {
				GCC_PRECOMPILE_PREFIX_HEADER = YES;
				GCC_PREFIX_HEADER = "gpen/gpen-Prefix.pch";
				INFOPLIST_FILE = "gpen/gpen-Info.plist";
				IPHONEOS_DEPLOYMENT_TARGET = 5.0;
				LIBRARY_SEARCH_PATHS = (
					"$(inherited)",
					"\"$(SRCROOT)/gpen/Update/TBXML\"",
				);
				PRODUCT_NAME = "$(TARGET_NAME)";
				WRAPPER_EXTENSION = app;
			};
			name = Debug;
		};
		1EBBE6C71660B3CD00708B6D /* Release */ = {
			isa = XCBuildConfiguration;
			buildSettings = {
				GCC_PRECOMPILE_PREFIX_HEADER = YES;
				GCC_PREFIX_HEADER = "gpen/gpen-Prefix.pch";
				INFOPLIST_FILE = "gpen/gpen-Info.plist";
				IPHONEOS_DEPLOYMENT_TARGET = 5.0;
				LIBRARY_SEARCH_PATHS = (
					"$(inherited)",
					"\"$(SRCROOT)/gpen/Update/TBXML\"",
				);
				PRODUCT_NAME = "$(TARGET_NAME)";
				WRAPPER_EXTENSION = app;
			};
			name = Release;
		};
/* End XCBuildConfiguration section */

/* Begin XCConfigurationList section */
		1EBBE68D1660B3CD00708B6D /* Build configuration list for PBXProject "gpen" */ = {
			isa = XCConfigurationList;
			buildConfigurations = (
				1EBBE6C31660B3CD00708B6D /* Debug */,
				1EBBE6C41660B3CD00708B6D /* Release */,
			);
			defaultConfigurationIsVisible = 0;
			defaultConfigurationName = Release;
		};
		1EBBE6C51660B3CD00708B6D /* Build configuration list for PBXNativeTarget "gpen" */ = {
			isa = XCConfigurationList;
			buildConfigurations = (
				1EBBE6C61660B3CD00708B6D /* Debug */,
				1EBBE6C71660B3CD00708B6D /* Release */,
			);
			defaultConfigurationIsVisible = 0;
			defaultConfigurationName = Release;
		};
/* End XCConfigurationList section */

/* Begin XCVersionGroup section */
		1EBBE6EC1660C18A00708B6D /* gpen.xcdatamodeld */ = {
			isa = XCVersionGroup;
			children = (
				1EBBE6ED1660C18A00708B6D /* gpen.xcdatamodel */,
			);
			currentVersion = 1EBBE6ED1660C18A00708B6D /* gpen.xcdatamodel */;
			path = gpen.xcdatamodeld;
			sourceTree = "<group>";
			versionGroupType = wrapper.xcdatamodel;
		};
/* End XCVersionGroup section */
	};
	rootObject = 1EBBE68A1660B3CD00708B6D /* Project object */;
}
