// !$*UTF8*$!
{
	archiveVersion = 1;
	classes = {
	};
	objectVersion = 46;
	objects = {

/* Begin PBXBuildFile section */
		1E4D483E1665158600949A5C /* info-tab.png in Resources */ = {isa = PBXBuildFile; fileRef = 1E4D48321665158600949A5C /* info-tab.png */; };
		1E4D483F1665158600949A5C /* info-tab@2x.png in Resources */ = {isa = PBXBuildFile; fileRef = 1E4D48331665158600949A5C /* info-tab@2x.png */; };
		1E4D48401665158600949A5C /* navigation-bar-back.png in Resources */ = {isa = PBXBuildFile; fileRef = 1E4D48341665158600949A5C /* navigation-bar-back.png */; };
		1E4D48411665158600949A5C /* navigation-bar-back@2x.png in Resources */ = {isa = PBXBuildFile; fileRef = 1E4D48351665158600949A5C /* navigation-bar-back@2x.png */; };
		1E4D48421665158600949A5C /* penalties-tab.png in Resources */ = {isa = PBXBuildFile; fileRef = 1E4D48361665158600949A5C /* penalties-tab.png */; };
		1E4D48431665158600949A5C /* penalties-tab@2x.png in Resources */ = {isa = PBXBuildFile; fileRef = 1E4D48371665158600949A5C /* penalties-tab@2x.png */; };
		1E4D48441665158600949A5C /* profiles-tab.png in Resources */ = {isa = PBXBuildFile; fileRef = 1E4D48381665158600949A5C /* profiles-tab.png */; };
		1E4D48451665158600949A5C /* profiles-tab@2x.png in Resources */ = {isa = PBXBuildFile; fileRef = 1E4D48391665158600949A5C /* profiles-tab@2x.png */; };
		1E4D48461665158600949A5C /* select-tab.png in Resources */ = {isa = PBXBuildFile; fileRef = 1E4D483A1665158600949A5C /* select-tab.png */; };
		1E4D48471665158600949A5C /* select-tab@2x.png in Resources */ = {isa = PBXBuildFile; fileRef = 1E4D483B1665158600949A5C /* select-tab@2x.png */; };
		1E4D48481665158600949A5C /* tab-bar-back.png in Resources */ = {isa = PBXBuildFile; fileRef = 1E4D483C1665158600949A5C /* tab-bar-back.png */; };
		1E4D48491665158600949A5C /* tab-bar-back@2x.png in Resources */ = {isa = PBXBuildFile; fileRef = 1E4D483D1665158600949A5C /* tab-bar-back@2x.png */; };
		1E4D487D1665604700949A5C /* CDao+Penalty.m in Sources */ = {isa = PBXBuildFile; fileRef = 1E4D487C1665604700949A5C /* CDao+Penalty.m */; };
		1E4D48801665611900949A5C /* CDao+Profile.m in Sources */ = {isa = PBXBuildFile; fileRef = 1E4D487F1665611900949A5C /* CDao+Profile.m */; };
		1E4D48831665613000949A5C /* CDao+Recipient.m in Sources */ = {isa = PBXBuildFile; fileRef = 1E4D48821665612F00949A5C /* CDao+Recipient.m */; };
		1E4D48861665D55D00949A5C /* CUpdateUtility.m in Sources */ = {isa = PBXBuildFile; fileRef = 1E4D48851665D55D00949A5C /* CUpdateUtility.m */; };
		1E99EE4F1682381200753AE4 /* CStateHolder.m in Sources */ = {isa = PBXBuildFile; fileRef = 1E99EE4E1682381200753AE4 /* CStateHolder.m */; };
		1E99EE571682F9E400753AE4 /* Penalty.m in Sources */ = {isa = PBXBuildFile; fileRef = 1E99EE561682F9E400753AE4 /* Penalty.m */; };
		1E99EE5A1682F9E600753AE4 /* Profile.m in Sources */ = {isa = PBXBuildFile; fileRef = 1E99EE591682F9E600753AE4 /* Profile.m */; };
		1E99EE731683B52500753AE4 /* Default.png in Resources */ = {isa = PBXBuildFile; fileRef = 1EB1E47C166688AB006CEC41 /* Default.png */; };
		1E99EE741683B52600753AE4 /* Default@2x.png in Resources */ = {isa = PBXBuildFile; fileRef = 1EB1E47D166688AB006CEC41 /* Default@2x.png */; };
		1E99EE7716842BF300753AE4 /* CDisableCopyPasteTextView.m in Sources */ = {isa = PBXBuildFile; fileRef = 1E99EE7616842BF300753AE4 /* CDisableCopyPasteTextView.m */; };
		1E9F0D251663D61E0017A2EB /* libTBXML-iOS.a in Frameworks */ = {isa = PBXBuildFile; fileRef = 1E9F0D211663D61E0017A2EB /* libTBXML-iOS.a */; };
		1E9F0D291663D8390017A2EB /* JSONKit.m in Sources */ = {isa = PBXBuildFile; fileRef = 1E9F0D281663D8390017A2EB /* JSONKit.m */; settings = {COMPILER_FLAGS = "-fno-objc-arc"; }; };
		1E9F0D301663DB210017A2EB /* CUpdater.m in Sources */ = {isa = PBXBuildFile; fileRef = 1E9F0D2F1663DB210017A2EB /* CUpdater.m */; };
		1EA26A391671162900F5CE7D /* back-for-nav.png in Resources */ = {isa = PBXBuildFile; fileRef = 1EA26A371671162900F5CE7D /* back-for-nav.png */; };
		1EA26A3A1671162900F5CE7D /* back-for-nav@2x.png in Resources */ = {isa = PBXBuildFile; fileRef = 1EA26A381671162900F5CE7D /* back-for-nav@2x.png */; };
		1EA26A5F1673270500F5CE7D /* cancel-for-nav.png in Resources */ = {isa = PBXBuildFile; fileRef = 1EA26A571673270500F5CE7D /* cancel-for-nav.png */; };
		1EA26A601673270500F5CE7D /* cancel-for-nav@2x.png in Resources */ = {isa = PBXBuildFile; fileRef = 1EA26A581673270500F5CE7D /* cancel-for-nav@2x.png */; };
		1EA26A611673270500F5CE7D /* done-for-nav.png in Resources */ = {isa = PBXBuildFile; fileRef = 1EA26A591673270500F5CE7D /* done-for-nav.png */; };
		1EA26A621673270500F5CE7D /* done-for-nav@2x.png in Resources */ = {isa = PBXBuildFile; fileRef = 1EA26A5A1673270500F5CE7D /* done-for-nav@2x.png */; };
		1EA26A631673270500F5CE7D /* edit-for-nav.png in Resources */ = {isa = PBXBuildFile; fileRef = 1EA26A5B1673270500F5CE7D /* edit-for-nav.png */; };
		1EA26A641673270500F5CE7D /* edit-for-nav@2x.png in Resources */ = {isa = PBXBuildFile; fileRef = 1EA26A5C1673270500F5CE7D /* edit-for-nav@2x.png */; };
		1EA26A651673270500F5CE7D /* save-for-nav.png in Resources */ = {isa = PBXBuildFile; fileRef = 1EA26A5D1673270500F5CE7D /* save-for-nav.png */; };
		1EA26A661673270500F5CE7D /* save-for-nav@2x.png in Resources */ = {isa = PBXBuildFile; fileRef = 1EA26A5E1673270500F5CE7D /* save-for-nav@2x.png */; };
		1EA471FD1661F330008CBFB3 /* CLoginViewController.m in Sources */ = {isa = PBXBuildFile; fileRef = 1EA471FC1661F330008CBFB3 /* CLoginViewController.m */; };
		1EAC8291166B3E3B00D6ED80 /* CPenaltyDetailViewController.m in Sources */ = {isa = PBXBuildFile; fileRef = 1EAC8290166B3E3B00D6ED80 /* CPenaltyDetailViewController.m */; };
		1EAC8294166B40A700D6ED80 /* CPenaltyTicketViewController.m in Sources */ = {isa = PBXBuildFile; fileRef = 1EAC8293166B40A600D6ED80 /* CPenaltyTicketViewController.m */; };
		1EB1E48816669485006CEC41 /* Recipient.m in Sources */ = {isa = PBXBuildFile; fileRef = 1EB1E48716669485006CEC41 /* Recipient.m */; };
		1EB640F7167B2D3300F5C767 /* CRotateSplitViewController.m in Sources */ = {isa = PBXBuildFile; fileRef = 1EB640F6167B2D3300F5C767 /* CRotateSplitViewController.m */; };
		1EBBE6981660B3CD00708B6D /* UIKit.framework in Frameworks */ = {isa = PBXBuildFile; fileRef = 1EBBE6971660B3CD00708B6D /* UIKit.framework */; };
		1EBBE69A1660B3CD00708B6D /* Foundation.framework in Frameworks */ = {isa = PBXBuildFile; fileRef = 1EBBE6991660B3CD00708B6D /* Foundation.framework */; };
		1EBBE69C1660B3CD00708B6D /* CoreGraphics.framework in Frameworks */ = {isa = PBXBuildFile; fileRef = 1EBBE69B1660B3CD00708B6D /* CoreGraphics.framework */; };
		1EBBE6A21660B3CD00708B6D /* InfoPlist.strings in Resources */ = {isa = PBXBuildFile; fileRef = 1EBBE6A01660B3CD00708B6D /* InfoPlist.strings */; };
		1EBBE6A41660B3CD00708B6D /* main.m in Sources */ = {isa = PBXBuildFile; fileRef = 1EBBE6A31660B3CD00708B6D /* main.m */; };
		1EBBE6A81660B3CD00708B6D /* AppDelegate.m in Sources */ = {isa = PBXBuildFile; fileRef = 1EBBE6A71660B3CD00708B6D /* AppDelegate.m */; };
		1EBBE6B11660B3CD00708B6D /* MainStoryboard_iPhone.storyboard in Resources */ = {isa = PBXBuildFile; fileRef = 1EBBE6AF1660B3CD00708B6D /* MainStoryboard_iPhone.storyboard */; };
		1EBBE6B41660B3CD00708B6D /* MainStoryboard_iPad.storyboard in Resources */ = {isa = PBXBuildFile; fileRef = 1EBBE6B21660B3CD00708B6D /* MainStoryboard_iPad.storyboard */; };
		1EBBE6D41660B9AF00708B6D /* CDao.m in Sources */ = {isa = PBXBuildFile; fileRef = 1EBBE6CF1660B9AF00708B6D /* CDao.m */; };
		1EBBE6D61660B9AF00708B6D /* CDataAccessManager.m in Sources */ = {isa = PBXBuildFile; fileRef = 1EBBE6D31660B9AF00708B6D /* CDataAccessManager.m */; };
		1EBBE6E71660BE0100708B6D /* CCentralDispatcher.m in Sources */ = {isa = PBXBuildFile; fileRef = 1EBBE6E61660BE0100708B6D /* CCentralDispatcher.m */; };
		1EBBE6E91660BE4500708B6D /* CoreData.framework in Frameworks */ = {isa = PBXBuildFile; fileRef = 1EBBE6E81660BE4500708B6D /* CoreData.framework */; };
		1EBBE6EB1660BE4D00708B6D /* QuartzCore.framework in Frameworks */ = {isa = PBXBuildFile; fileRef = 1EBBE6EA1660BE4D00708B6D /* QuartzCore.framework */; };
		1EBBE6EE1660C18A00708B6D /* gpen.xcdatamodeld in Sources */ = {isa = PBXBuildFile; fileRef = 1EBBE6EC1660C18A00708B6D /* gpen.xcdatamodeld */; };
		1EBBE7031660CBD800708B6D /* CSplashViewController.m in Sources */ = {isa = PBXBuildFile; fileRef = 1EBBE6FF1660CBD800708B6D /* CSplashViewController.m */; };
		1EBBE70A1660CF9500708B6D /* Default-Portrait.png in Resources */ = {isa = PBXBuildFile; fileRef = 1EBBE7061660CF9500708B6D /* Default-Portrait.png */; };
		1EBBE70B1660CF9500708B6D /* Default-Portrait@2x.png in Resources */ = {isa = PBXBuildFile; fileRef = 1EBBE7071660CF9500708B6D /* Default-Portrait@2x.png */; };
		1ED3FB74166BDA5D008C2E21 /* CRotateViewController.m in Sources */ = {isa = PBXBuildFile; fileRef = 1ED3FB73166BDA5D008C2E21 /* CRotateViewController.m */; };
		1ED3FB77166BDA7A008C2E21 /* CRotateTableViewController.m in Sources */ = {isa = PBXBuildFile; fileRef = 1ED3FB76166BDA7A008C2E21 /* CRotateTableViewController.m */; };
		1ED3FB7A166BDA9C008C2E21 /* CRotateTabBarController.m in Sources */ = {isa = PBXBuildFile; fileRef = 1ED3FB79166BDA9C008C2E21 /* CRotateTabBarController.m */; };
		1ED3FB81166BDB58008C2E21 /* CRotateNavigationController.m in Sources */ = {isa = PBXBuildFile; fileRef = 1ED3FB80166BDB58008C2E21 /* CRotateNavigationController.m */; };
		1ED3FB86166BDDD7008C2E21 /* CInfoViewController.m in Sources */ = {isa = PBXBuildFile; fileRef = 1ED3FB85166BDDD7008C2E21 /* CInfoViewController.m */; };
		1ED3FB89166BDE38008C2E21 /* CProfilesListViewController.m in Sources */ = {isa = PBXBuildFile; fileRef = 1ED3FB88166BDE38008C2E21 /* CProfilesListViewController.m */; };
		1ED3FBF2166E4520008C2E21 /* CProfilesDetailViewController.m in Sources */ = {isa = PBXBuildFile; fileRef = 1ED3FBF1166E4520008C2E21 /* CProfilesDetailViewController.m */; };
		1ED3FBF5166E453E008C2E21 /* CProfilesAddViewController.m in Sources */ = {isa = PBXBuildFile; fileRef = 1ED3FBF4166E453E008C2E21 /* CProfilesAddViewController.m */; };
		1ED3FBF8166E46CB008C2E21 /* CProfileCell.m in Sources */ = {isa = PBXBuildFile; fileRef = 1ED3FBF7166E46CB008C2E21 /* CProfileCell.m */; };
		1EF094F3167B491E0014B2B7 /* navigation-bar-back-ipad.png in Resources */ = {isa = PBXBuildFile; fileRef = 1EF094F1167B491E0014B2B7 /* navigation-bar-back-ipad.png */; };
		1EF094F4167B491E0014B2B7 /* navigation-bar-back-ipad@2x.png in Resources */ = {isa = PBXBuildFile; fileRef = 1EF094F2167B491E0014B2B7 /* navigation-bar-back-ipad@2x.png */; };
		1EF094F8167B4B560014B2B7 /* tab-bar-back-ipad.png in Resources */ = {isa = PBXBuildFile; fileRef = 1EF094F6167B4B560014B2B7 /* tab-bar-back-ipad.png */; };
		1EF094F9167B4B560014B2B7 /* tab-bar-back-ipad@2x.png in Resources */ = {isa = PBXBuildFile; fileRef = 1EF094F7167B4B560014B2B7 /* tab-bar-back-ipad@2x.png */; };
		1EF0950D167C88A40014B2B7 /* EGORefreshTableHeaderView.m in Sources */ = {isa = PBXBuildFile; fileRef = 1EF0950C167C88A40014B2B7 /* EGORefreshTableHeaderView.m */; settings = {COMPILER_FLAGS = "-fno-objc-arc"; }; };
		1EF09517167C88B80014B2B7 /* blackArrow.png in Resources */ = {isa = PBXBuildFile; fileRef = 1EF0950F167C88B80014B2B7 /* blackArrow.png */; };
		1EF09518167C88B80014B2B7 /* blackArrow@2x.png in Resources */ = {isa = PBXBuildFile; fileRef = 1EF09510167C88B80014B2B7 /* blackArrow@2x.png */; };
		1EF09519167C88B80014B2B7 /* blueArrow.png in Resources */ = {isa = PBXBuildFile; fileRef = 1EF09511167C88B80014B2B7 /* blueArrow.png */; };
		1EF0951A167C88B80014B2B7 /* blueArrow@2x.png in Resources */ = {isa = PBXBuildFile; fileRef = 1EF09512167C88B80014B2B7 /* blueArrow@2x.png */; };
		1EF0951B167C88B80014B2B7 /* grayArrow.png in Resources */ = {isa = PBXBuildFile; fileRef = 1EF09513167C88B80014B2B7 /* grayArrow.png */; };
		1EF0951C167C88B80014B2B7 /* grayArrow@2x.png in Resources */ = {isa = PBXBuildFile; fileRef = 1EF09514167C88B80014B2B7 /* grayArrow@2x.png */; };
		1EF0951D167C88B80014B2B7 /* whiteArrow.png in Resources */ = {isa = PBXBuildFile; fileRef = 1EF09515167C88B80014B2B7 /* whiteArrow.png */; };
		1EF0951E167C88B80014B2B7 /* whiteArrow@2x.png in Resources */ = {isa = PBXBuildFile; fileRef = 1EF09516167C88B80014B2B7 /* whiteArrow@2x.png */; };
		1EF09520167C8B3A0014B2B7 /* Default-568h@2x.png in Resources */ = {isa = PBXBuildFile; fileRef = 1EF0951F167C8B3A0014B2B7 /* Default-568h@2x.png */; };
		A0043A10166A12FC00530F81 /* CPenaltyListViewController.m in Sources */ = {isa = PBXBuildFile; fileRef = A0043A0F166A12FC00530F81 /* CPenaltyListViewController.m */; };
		A0043A17166A1F7300530F81 /* penalty_not_paid.png in Resources */ = {isa = PBXBuildFile; fileRef = A0043A11166A1F7300530F81 /* penalty_not_paid.png */; };
		A0043A18166A1F7300530F81 /* penalty_not_paid@2x.png in Resources */ = {isa = PBXBuildFile; fileRef = A0043A12166A1F7300530F81 /* penalty_not_paid@2x.png */; };
		A0043A19166A1F7300530F81 /* penalty_overdue.png in Resources */ = {isa = PBXBuildFile; fileRef = A0043A13166A1F7300530F81 /* penalty_overdue.png */; };
		A0043A1A166A1F7300530F81 /* penalty_overdue@2x.png in Resources */ = {isa = PBXBuildFile; fileRef = A0043A14166A1F7300530F81 /* penalty_overdue@2x.png */; };
		A0043A1B166A1F7300530F81 /* penalty_paid.png in Resources */ = {isa = PBXBuildFile; fileRef = A0043A15166A1F7300530F81 /* penalty_paid.png */; };
		A0043A1C166A1F7300530F81 /* penalty_paid@2x.png in Resources */ = {isa = PBXBuildFile; fileRef = A0043A16166A1F7300530F81 /* penalty_paid@2x.png */; };
		A0043A1F166A213200530F81 /* CPenaltyCell.m in Sources */ = {isa = PBXBuildFile; fileRef = A0043A1E166A213200530F81 /* CPenaltyCell.m */; };
		A0043A30166B41BF00530F81 /* PTS55F.ttf in Resources */ = {isa = PBXBuildFile; fileRef = A0043A2E166B41BF00530F81 /* PTS55F.ttf */; };
		A0043A31166B41BF00530F81 /* PTS75F.ttf in Resources */ = {isa = PBXBuildFile; fileRef = A0043A2F166B41BF00530F81 /* PTS75F.ttf */; };
		A022DCB81674AE8000FD74EA /* profile-blue.png in Resources */ = {isa = PBXBuildFile; fileRef = A022DCB41674AE8000FD74EA /* profile-blue.png */; };
		A022DCB91674AE8000FD74EA /* profile-blue@2x.png in Resources */ = {isa = PBXBuildFile; fileRef = A022DCB51674AE8000FD74EA /* profile-blue@2x.png */; };
		A022DCBA1674AE8000FD74EA /* profile-gray.png in Resources */ = {isa = PBXBuildFile; fileRef = A022DCB61674AE8000FD74EA /* profile-gray.png */; };
		A022DCBB1674AE8000FD74EA /* profile-gray@2x.png in Resources */ = {isa = PBXBuildFile; fileRef = A022DCB71674AE8000FD74EA /* profile-gray@2x.png */; };
		A02AC845166E3AA400F02A41 /* text_field.png in Resources */ = {isa = PBXBuildFile; fileRef = A02AC843166E3AA400F02A41 /* text_field.png */; };
		A02AC846166E3AA400F02A41 /* text_field@2x.png in Resources */ = {isa = PBXBuildFile; fileRef = A02AC844166E3AA400F02A41 /* text_field@2x.png */; };
		A02AC850166E68C700F02A41 /* CGreenButton.m in Sources */ = {isa = PBXBuildFile; fileRef = A02AC84F166E68C700F02A41 /* CGreenButton.m */; };
		A02AC853166E724800F02A41 /* CPenaltyDetailCell.m in Sources */ = {isa = PBXBuildFile; fileRef = A02AC852166E724800F02A41 /* CPenaltyDetailCell.m */; };
		A02AC856166FBE9C00F02A41 /* CPenaltyDetailBoldWithImageCell.m in Sources */ = {isa = PBXBuildFile; fileRef = A02AC855166FBE9C00F02A41 /* CPenaltyDetailBoldWithImageCell.m */; };
		A02AC859166FC27000F02A41 /* CPenaltyDetailMainCell.m in Sources */ = {isa = PBXBuildFile; fileRef = A02AC858166FC27000F02A41 /* CPenaltyDetailMainCell.m */; };
		A02AC85C166FC8D200F02A41 /* flag.png in Resources */ = {isa = PBXBuildFile; fileRef = A02AC85A166FC8D200F02A41 /* flag.png */; };
		A02AC85D166FC8D200F02A41 /* flag@2x.png in Resources */ = {isa = PBXBuildFile; fileRef = A02AC85B166FC8D200F02A41 /* flag@2x.png */; };
		A02AC8601670E7A700F02A41 /* CTextField.m in Sources */ = {isa = PBXBuildFile; fileRef = A02AC85F1670E7A700F02A41 /* CTextField.m */; };
		A098506F167E099100221140 /* CPenaltyDetailViewControllerPad.m in Sources */ = {isa = PBXBuildFile; fileRef = A098506E167E099100221140 /* CPenaltyDetailViewControllerPad.m */; };
		A0985080167EF4AF00221140 /* CProfilesDetailViewControllerPad.m in Sources */ = {isa = PBXBuildFile; fileRef = A098507F167EF4AF00221140 /* CProfilesDetailViewControllerPad.m */; };
		A0BCEF5F167283BE00285089 /* BSKeyboardControls.m in Sources */ = {isa = PBXBuildFile; fileRef = A0BCEF5E167283BE00285089 /* BSKeyboardControls.m */; };
		A0C8BB5416764A7300100317 /* button-black.png in Resources */ = {isa = PBXBuildFile; fileRef = A0C8BB5216764A7300100317 /* button-black.png */; };
		A0C8BB5516764A7300100317 /* button-black@2x.png in Resources */ = {isa = PBXBuildFile; fileRef = A0C8BB5316764A7300100317 /* button-black@2x.png */; };
		A0C8BB5816764AA500100317 /* CBlackButton.m in Sources */ = {isa = PBXBuildFile; fileRef = A0C8BB5716764AA500100317 /* CBlackButton.m */; };
		A0E83FC21663CAD800561612 /* CTextFieldCell.m in Sources */ = {isa = PBXBuildFile; fileRef = A0E83FC11663CAD800561612 /* CTextFieldCell.m */; };
		A0E83FC51663CC2300561612 /* CDisclosureCell.m in Sources */ = {isa = PBXBuildFile; fileRef = A0E83FC41663CC2300561612 /* CDisclosureCell.m */; };
		A0E83FD41666909500561612 /* CTextFieldWithLabel.m in Sources */ = {isa = PBXBuildFile; fileRef = A0E83FD31666909500561612 /* CTextFieldWithLabel.m */; };
		A0E83FD916669B1800561612 /* login-button-disabled.png in Resources */ = {isa = PBXBuildFile; fileRef = A0E83FD516669B1800561612 /* login-button-disabled.png */; };
		A0E83FDA16669B1800561612 /* login-button-disabled@2x.png in Resources */ = {isa = PBXBuildFile; fileRef = A0E83FD616669B1800561612 /* login-button-disabled@2x.png */; };
		A0E83FDB16669B1800561612 /* login-button.png in Resources */ = {isa = PBXBuildFile; fileRef = A0E83FD716669B1800561612 /* login-button.png */; };
		A0E83FDC16669B1800561612 /* login-button@2x.png in Resources */ = {isa = PBXBuildFile; fileRef = A0E83FD816669B1800561612 /* login-button@2x.png */; };
		A0E83FF61668C01400561612 /* CLoginClientEntity.m in Sources */ = {isa = PBXBuildFile; fileRef = A0E83FF51668C01400561612 /* CLoginClientEntity.m */; };
/* End PBXBuildFile section */

/* Begin PBXFileReference section */
		1E4D48321665158600949A5C /* info-tab.png */ = {isa = PBXFileReference; lastKnownFileType = image.png; name = "info-tab.png"; path = "Resources/info-tab.png"; sourceTree = "<group>"; };
		1E4D48331665158600949A5C /* info-tab@2x.png */ = {isa = PBXFileReference; lastKnownFileType = image.png; name = "info-tab@2x.png"; path = "Resources/info-tab@2x.png"; sourceTree = "<group>"; };
		1E4D48341665158600949A5C /* navigation-bar-back.png */ = {isa = PBXFileReference; lastKnownFileType = image.png; name = "navigation-bar-back.png"; path = "Resources/navigation-bar-back.png"; sourceTree = "<group>"; };
		1E4D48351665158600949A5C /* navigation-bar-back@2x.png */ = {isa = PBXFileReference; lastKnownFileType = image.png; name = "navigation-bar-back@2x.png"; path = "Resources/navigation-bar-back@2x.png"; sourceTree = "<group>"; };
		1E4D48361665158600949A5C /* penalties-tab.png */ = {isa = PBXFileReference; lastKnownFileType = image.png; name = "penalties-tab.png"; path = "Resources/penalties-tab.png"; sourceTree = "<group>"; };
		1E4D48371665158600949A5C /* penalties-tab@2x.png */ = {isa = PBXFileReference; lastKnownFileType = image.png; name = "penalties-tab@2x.png"; path = "Resources/penalties-tab@2x.png"; sourceTree = "<group>"; };
		1E4D48381665158600949A5C /* profiles-tab.png */ = {isa = PBXFileReference; lastKnownFileType = image.png; name = "profiles-tab.png"; path = "Resources/profiles-tab.png"; sourceTree = "<group>"; };
		1E4D48391665158600949A5C /* profiles-tab@2x.png */ = {isa = PBXFileReference; lastKnownFileType = image.png; name = "profiles-tab@2x.png"; path = "Resources/profiles-tab@2x.png"; sourceTree = "<group>"; };
		1E4D483A1665158600949A5C /* select-tab.png */ = {isa = PBXFileReference; lastKnownFileType = image.png; name = "select-tab.png"; path = "Resources/select-tab.png"; sourceTree = "<group>"; };
		1E4D483B1665158600949A5C /* select-tab@2x.png */ = {isa = PBXFileReference; lastKnownFileType = image.png; name = "select-tab@2x.png"; path = "Resources/select-tab@2x.png"; sourceTree = "<group>"; };
		1E4D483C1665158600949A5C /* tab-bar-back.png */ = {isa = PBXFileReference; lastKnownFileType = image.png; name = "tab-bar-back.png"; path = "Resources/tab-bar-back.png"; sourceTree = "<group>"; };
		1E4D483D1665158600949A5C /* tab-bar-back@2x.png */ = {isa = PBXFileReference; lastKnownFileType = image.png; name = "tab-bar-back@2x.png"; path = "Resources/tab-bar-back@2x.png"; sourceTree = "<group>"; };
		1E4D487B1665604700949A5C /* CDao+Penalty.h */ = {isa = PBXFileReference; fileEncoding = 4; lastKnownFileType = sourcecode.c.h; name = "CDao+Penalty.h"; path = "DataAccess/DAO/CDao+Penalty.h"; sourceTree = "<group>"; };
		1E4D487C1665604700949A5C /* CDao+Penalty.m */ = {isa = PBXFileReference; fileEncoding = 4; lastKnownFileType = sourcecode.c.objc; name = "CDao+Penalty.m"; path = "DataAccess/DAO/CDao+Penalty.m"; sourceTree = "<group>"; };
		1E4D487E1665611900949A5C /* CDao+Profile.h */ = {isa = PBXFileReference; fileEncoding = 4; lastKnownFileType = sourcecode.c.h; name = "CDao+Profile.h"; path = "DataAccess/DAO/CDao+Profile.h"; sourceTree = "<group>"; };
		1E4D487F1665611900949A5C /* CDao+Profile.m */ = {isa = PBXFileReference; fileEncoding = 4; lastKnownFileType = sourcecode.c.objc; name = "CDao+Profile.m"; path = "DataAccess/DAO/CDao+Profile.m"; sourceTree = "<group>"; };
		1E4D48811665612F00949A5C /* CDao+Recipient.h */ = {isa = PBXFileReference; fileEncoding = 4; lastKnownFileType = sourcecode.c.h; name = "CDao+Recipient.h"; path = "DataAccess/DAO/CDao+Recipient.h"; sourceTree = "<group>"; };
		1E4D48821665612F00949A5C /* CDao+Recipient.m */ = {isa = PBXFileReference; fileEncoding = 4; lastKnownFileType = sourcecode.c.objc; name = "CDao+Recipient.m"; path = "DataAccess/DAO/CDao+Recipient.m"; sourceTree = "<group>"; };
		1E4D48841665D55D00949A5C /* CUpdateUtility.h */ = {isa = PBXFileReference; fileEncoding = 4; lastKnownFileType = sourcecode.c.h; name = CUpdateUtility.h; path = Update/CUpdateUtility.h; sourceTree = "<group>"; };
		1E4D48851665D55D00949A5C /* CUpdateUtility.m */ = {isa = PBXFileReference; fileEncoding = 4; lastKnownFileType = sourcecode.c.objc; name = CUpdateUtility.m; path = Update/CUpdateUtility.m; sourceTree = "<group>"; };
		1E99EE4A1682377700753AE4 /* IStateHolderObserver.h */ = {isa = PBXFileReference; fileEncoding = 4; lastKnownFileType = sourcecode.c.h; name = IStateHolderObserver.h; path = StateHolder/IStateHolderObserver.h; sourceTree = "<group>"; };
		1E99EE4D1682381200753AE4 /* CStateHolder.h */ = {isa = PBXFileReference; fileEncoding = 4; lastKnownFileType = sourcecode.c.h; name = CStateHolder.h; path = StateHolder/CStateHolder.h; sourceTree = "<group>"; };
		1E99EE4E1682381200753AE4 /* CStateHolder.m */ = {isa = PBXFileReference; fileEncoding = 4; lastKnownFileType = sourcecode.c.objc; name = CStateHolder.m; path = StateHolder/CStateHolder.m; sourceTree = "<group>"; };
		1E99EE551682F9E400753AE4 /* Penalty.h */ = {isa = PBXFileReference; fileEncoding = 4; lastKnownFileType = sourcecode.c.h; name = Penalty.h; path = DataAccess/Model/Penalty.h; sourceTree = "<group>"; };
		1E99EE561682F9E400753AE4 /* Penalty.m */ = {isa = PBXFileReference; fileEncoding = 4; lastKnownFileType = sourcecode.c.objc; name = Penalty.m; path = DataAccess/Model/Penalty.m; sourceTree = "<group>"; };
		1E99EE581682F9E600753AE4 /* Profile.h */ = {isa = PBXFileReference; fileEncoding = 4; lastKnownFileType = sourcecode.c.h; name = Profile.h; path = DataAccess/Model/Profile.h; sourceTree = "<group>"; };
		1E99EE591682F9E600753AE4 /* Profile.m */ = {isa = PBXFileReference; fileEncoding = 4; lastKnownFileType = sourcecode.c.objc; name = Profile.m; path = DataAccess/Model/Profile.m; sourceTree = "<group>"; };
		1E99EE7516842BF300753AE4 /* CDisableCopyPasteTextView.h */ = {isa = PBXFileReference; fileEncoding = 4; lastKnownFileType = sourcecode.c.h; name = CDisableCopyPasteTextView.h; path = Info/CDisableCopyPasteTextView.h; sourceTree = "<group>"; };
		1E99EE7616842BF300753AE4 /* CDisableCopyPasteTextView.m */ = {isa = PBXFileReference; fileEncoding = 4; lastKnownFileType = sourcecode.c.objc; name = CDisableCopyPasteTextView.m; path = Info/CDisableCopyPasteTextView.m; sourceTree = "<group>"; };
		1E9F0D211663D61E0017A2EB /* libTBXML-iOS.a */ = {isa = PBXFileReference; lastKnownFileType = archive.ar; name = "libTBXML-iOS.a"; path = "Update/TBXML/libTBXML-iOS.a"; sourceTree = "<group>"; };
		1E9F0D221663D61E0017A2EB /* TBXML.h */ = {isa = PBXFileReference; fileEncoding = 4; lastKnownFileType = sourcecode.c.h; name = TBXML.h; path = Update/TBXML/TBXML.h; sourceTree = "<group>"; };
		1E9F0D231663D61E0017A2EB /* TBXML+Compression.h */ = {isa = PBXFileReference; fileEncoding = 4; lastKnownFileType = sourcecode.c.h; name = "TBXML+Compression.h"; path = "Update/TBXML/TBXML+Compression.h"; sourceTree = "<group>"; };
		1E9F0D241663D61E0017A2EB /* TBXML+HTTP.h */ = {isa = PBXFileReference; fileEncoding = 4; lastKnownFileType = sourcecode.c.h; name = "TBXML+HTTP.h"; path = "Update/TBXML/TBXML+HTTP.h"; sourceTree = "<group>"; };
		1E9F0D271663D8390017A2EB /* JSONKit.h */ = {isa = PBXFileReference; fileEncoding = 4; lastKnownFileType = sourcecode.c.h; name = JSONKit.h; path = Update/JSONKit/JSONKit.h; sourceTree = "<group>"; };
		1E9F0D281663D8390017A2EB /* JSONKit.m */ = {isa = PBXFileReference; fileEncoding = 4; lastKnownFileType = sourcecode.c.objc; name = JSONKit.m; path = Update/JSONKit/JSONKit.m; sourceTree = "<group>"; };
		1E9F0D2E1663DB210017A2EB /* CUpdater.h */ = {isa = PBXFileReference; fileEncoding = 4; lastKnownFileType = sourcecode.c.h; name = CUpdater.h; path = Update/CUpdater.h; sourceTree = "<group>"; };
		1E9F0D2F1663DB210017A2EB /* CUpdater.m */ = {isa = PBXFileReference; fileEncoding = 4; lastKnownFileType = sourcecode.c.objc; name = CUpdater.m; path = Update/CUpdater.m; sourceTree = "<group>"; };
		1EA26A371671162900F5CE7D /* back-for-nav.png */ = {isa = PBXFileReference; lastKnownFileType = image.png; name = "back-for-nav.png"; path = "Resources/back-for-nav.png"; sourceTree = "<group>"; };
		1EA26A381671162900F5CE7D /* back-for-nav@2x.png */ = {isa = PBXFileReference; lastKnownFileType = image.png; name = "back-for-nav@2x.png"; path = "Resources/back-for-nav@2x.png"; sourceTree = "<group>"; };
		1EA26A571673270500F5CE7D /* cancel-for-nav.png */ = {isa = PBXFileReference; lastKnownFileType = image.png; name = "cancel-for-nav.png"; path = "Resources/cancel-for-nav.png"; sourceTree = "<group>"; };
		1EA26A581673270500F5CE7D /* cancel-for-nav@2x.png */ = {isa = PBXFileReference; lastKnownFileType = image.png; name = "cancel-for-nav@2x.png"; path = "Resources/cancel-for-nav@2x.png"; sourceTree = "<group>"; };
		1EA26A591673270500F5CE7D /* done-for-nav.png */ = {isa = PBXFileReference; lastKnownFileType = image.png; name = "done-for-nav.png"; path = "Resources/done-for-nav.png"; sourceTree = "<group>"; };
		1EA26A5A1673270500F5CE7D /* done-for-nav@2x.png */ = {isa = PBXFileReference; lastKnownFileType = image.png; name = "done-for-nav@2x.png"; path = "Resources/done-for-nav@2x.png"; sourceTree = "<group>"; };
		1EA26A5B1673270500F5CE7D /* edit-for-nav.png */ = {isa = PBXFileReference; lastKnownFileType = image.png; name = "edit-for-nav.png"; path = "Resources/edit-for-nav.png"; sourceTree = "<group>"; };
		1EA26A5C1673270500F5CE7D /* edit-for-nav@2x.png */ = {isa = PBXFileReference; lastKnownFileType = image.png; name = "edit-for-nav@2x.png"; path = "Resources/edit-for-nav@2x.png"; sourceTree = "<group>"; };
		1EA26A5D1673270500F5CE7D /* save-for-nav.png */ = {isa = PBXFileReference; lastKnownFileType = image.png; name = "save-for-nav.png"; path = "Resources/save-for-nav.png"; sourceTree = "<group>"; };
		1EA26A5E1673270500F5CE7D /* save-for-nav@2x.png */ = {isa = PBXFileReference; lastKnownFileType = image.png; name = "save-for-nav@2x.png"; path = "Resources/save-for-nav@2x.png"; sourceTree = "<group>"; };
		1EA471FB1661F330008CBFB3 /* CLoginViewController.h */ = {isa = PBXFileReference; fileEncoding = 4; lastKnownFileType = sourcecode.c.h; name = CLoginViewController.h; path = LoginScreen/CLoginViewController.h; sourceTree = "<group>"; };
		1EA471FC1661F330008CBFB3 /* CLoginViewController.m */ = {isa = PBXFileReference; fileEncoding = 4; lastKnownFileType = sourcecode.c.objc; name = CLoginViewController.m; path = LoginScreen/CLoginViewController.m; sourceTree = "<group>"; };
		1EAC828F166B3E3B00D6ED80 /* CPenaltyDetailViewController.h */ = {isa = PBXFileReference; fileEncoding = 4; lastKnownFileType = sourcecode.c.h; path = CPenaltyDetailViewController.h; sourceTree = "<group>"; };
		1EAC8290166B3E3B00D6ED80 /* CPenaltyDetailViewController.m */ = {isa = PBXFileReference; fileEncoding = 4; lastKnownFileType = sourcecode.c.objc; path = CPenaltyDetailViewController.m; sourceTree = "<group>"; };
		1EAC8292166B40A600D6ED80 /* CPenaltyTicketViewController.h */ = {isa = PBXFileReference; fileEncoding = 4; lastKnownFileType = sourcecode.c.h; path = CPenaltyTicketViewController.h; sourceTree = "<group>"; };
		1EAC8293166B40A600D6ED80 /* CPenaltyTicketViewController.m */ = {isa = PBXFileReference; fileEncoding = 4; lastKnownFileType = sourcecode.c.objc; path = CPenaltyTicketViewController.m; sourceTree = "<group>"; };
		1EB1E47C166688AB006CEC41 /* Default.png */ = {isa = PBXFileReference; lastKnownFileType = image.png; path = Default.png; sourceTree = "<group>"; };
		1EB1E47D166688AB006CEC41 /* Default@2x.png */ = {isa = PBXFileReference; lastKnownFileType = image.png; path = "Default@2x.png"; sourceTree = "<group>"; };
		1EB1E48616669485006CEC41 /* Recipient.h */ = {isa = PBXFileReference; fileEncoding = 4; lastKnownFileType = sourcecode.c.h; name = Recipient.h; path = DataAccess/Model/Recipient.h; sourceTree = "<group>"; };
		1EB1E48716669485006CEC41 /* Recipient.m */ = {isa = PBXFileReference; fileEncoding = 4; lastKnownFileType = sourcecode.c.objc; name = Recipient.m; path = DataAccess/Model/Recipient.m; sourceTree = "<group>"; };
		1EB640F5167B2D3300F5C767 /* CRotateSplitViewController.h */ = {isa = PBXFileReference; fileEncoding = 4; lastKnownFileType = sourcecode.c.h; name = CRotateSplitViewController.h; path = Raw/CRotateSplitViewController.h; sourceTree = "<group>"; };
		1EB640F6167B2D3300F5C767 /* CRotateSplitViewController.m */ = {isa = PBXFileReference; fileEncoding = 4; lastKnownFileType = sourcecode.c.objc; name = CRotateSplitViewController.m; path = Raw/CRotateSplitViewController.m; sourceTree = "<group>"; };
		1EBBE6931660B3CD00708B6D /* gpen.app */ = {isa = PBXFileReference; explicitFileType = wrapper.application; includeInIndex = 0; path = gpen.app; sourceTree = BUILT_PRODUCTS_DIR; };
		1EBBE6971660B3CD00708B6D /* UIKit.framework */ = {isa = PBXFileReference; lastKnownFileType = wrapper.framework; name = UIKit.framework; path = System/Library/Frameworks/UIKit.framework; sourceTree = SDKROOT; };
		1EBBE6991660B3CD00708B6D /* Foundation.framework */ = {isa = PBXFileReference; lastKnownFileType = wrapper.framework; name = Foundation.framework; path = System/Library/Frameworks/Foundation.framework; sourceTree = SDKROOT; };
		1EBBE69B1660B3CD00708B6D /* CoreGraphics.framework */ = {isa = PBXFileReference; lastKnownFileType = wrapper.framework; name = CoreGraphics.framework; path = System/Library/Frameworks/CoreGraphics.framework; sourceTree = SDKROOT; };
		1EBBE69F1660B3CD00708B6D /* gpen-Info.plist */ = {isa = PBXFileReference; lastKnownFileType = text.plist.xml; path = "gpen-Info.plist"; sourceTree = "<group>"; };
		1EBBE6A11660B3CD00708B6D /* en */ = {isa = PBXFileReference; lastKnownFileType = text.plist.strings; name = en; path = en.lproj/InfoPlist.strings; sourceTree = "<group>"; };
		1EBBE6A31660B3CD00708B6D /* main.m */ = {isa = PBXFileReference; lastKnownFileType = sourcecode.c.objc; path = main.m; sourceTree = "<group>"; };
		1EBBE6A51660B3CD00708B6D /* gpen-Prefix.pch */ = {isa = PBXFileReference; lastKnownFileType = sourcecode.c.h; path = "gpen-Prefix.pch"; sourceTree = "<group>"; };
		1EBBE6A61660B3CD00708B6D /* AppDelegate.h */ = {isa = PBXFileReference; lastKnownFileType = sourcecode.c.h; path = AppDelegate.h; sourceTree = "<group>"; };
		1EBBE6A71660B3CD00708B6D /* AppDelegate.m */ = {isa = PBXFileReference; lastKnownFileType = sourcecode.c.objc; path = AppDelegate.m; sourceTree = "<group>"; };
		1EBBE6B01660B3CD00708B6D /* en */ = {isa = PBXFileReference; lastKnownFileType = file.storyboard; name = en; path = en.lproj/MainStoryboard_iPhone.storyboard; sourceTree = "<group>"; };
		1EBBE6B31660B3CD00708B6D /* en */ = {isa = PBXFileReference; lastKnownFileType = file.storyboard; name = en; path = en.lproj/MainStoryboard_iPad.storyboard; sourceTree = "<group>"; };
		1EBBE6CE1660B9AF00708B6D /* CDao.h */ = {isa = PBXFileReference; fileEncoding = 4; lastKnownFileType = sourcecode.c.h; name = CDao.h; path = DataAccess/CDao.h; sourceTree = "<group>"; };
		1EBBE6CF1660B9AF00708B6D /* CDao.m */ = {isa = PBXFileReference; fileEncoding = 4; lastKnownFileType = sourcecode.c.objc; name = CDao.m; path = DataAccess/CDao.m; sourceTree = "<group>"; };
		1EBBE6D21660B9AF00708B6D /* CDataAccessManager.h */ = {isa = PBXFileReference; fileEncoding = 4; lastKnownFileType = sourcecode.c.h; name = CDataAccessManager.h; path = DataAccess/CDataAccessManager.h; sourceTree = "<group>"; };
		1EBBE6D31660B9AF00708B6D /* CDataAccessManager.m */ = {isa = PBXFileReference; fileEncoding = 4; lastKnownFileType = sourcecode.c.objc; name = CDataAccessManager.m; path = DataAccess/CDataAccessManager.m; sourceTree = "<group>"; };
		1EBBE6E51660BE0100708B6D /* CCentralDispatcher.h */ = {isa = PBXFileReference; fileEncoding = 4; lastKnownFileType = sourcecode.c.h; name = CCentralDispatcher.h; path = Dispatcher/CCentralDispatcher.h; sourceTree = "<group>"; };
		1EBBE6E61660BE0100708B6D /* CCentralDispatcher.m */ = {isa = PBXFileReference; fileEncoding = 4; lastKnownFileType = sourcecode.c.objc; name = CCentralDispatcher.m; path = Dispatcher/CCentralDispatcher.m; sourceTree = "<group>"; };
		1EBBE6E81660BE4500708B6D /* CoreData.framework */ = {isa = PBXFileReference; lastKnownFileType = wrapper.framework; name = CoreData.framework; path = System/Library/Frameworks/CoreData.framework; sourceTree = SDKROOT; };
		1EBBE6EA1660BE4D00708B6D /* QuartzCore.framework */ = {isa = PBXFileReference; lastKnownFileType = wrapper.framework; name = QuartzCore.framework; path = System/Library/Frameworks/QuartzCore.framework; sourceTree = SDKROOT; };
		1EBBE6ED1660C18A00708B6D /* gpen.xcdatamodel */ = {isa = PBXFileReference; lastKnownFileType = wrapper.xcdatamodel; path = gpen.xcdatamodel; sourceTree = "<group>"; };
		1EBBE6FE1660CBD800708B6D /* CSplashViewController.h */ = {isa = PBXFileReference; fileEncoding = 4; lastKnownFileType = sourcecode.c.h; path = CSplashViewController.h; sourceTree = "<group>"; };
		1EBBE6FF1660CBD800708B6D /* CSplashViewController.m */ = {isa = PBXFileReference; fileEncoding = 4; lastKnownFileType = sourcecode.c.objc; path = CSplashViewController.m; sourceTree = "<group>"; };
		1EBBE7061660CF9500708B6D /* Default-Portrait.png */ = {isa = PBXFileReference; lastKnownFileType = image.png; path = "Default-Portrait.png"; sourceTree = "<group>"; };
		1EBBE7071660CF9500708B6D /* Default-Portrait@2x.png */ = {isa = PBXFileReference; lastKnownFileType = image.png; path = "Default-Portrait@2x.png"; sourceTree = "<group>"; };
		1ED3FB72166BDA5D008C2E21 /* CRotateViewController.h */ = {isa = PBXFileReference; fileEncoding = 4; lastKnownFileType = sourcecode.c.h; name = CRotateViewController.h; path = Raw/CRotateViewController.h; sourceTree = "<group>"; };
		1ED3FB73166BDA5D008C2E21 /* CRotateViewController.m */ = {isa = PBXFileReference; fileEncoding = 4; lastKnownFileType = sourcecode.c.objc; name = CRotateViewController.m; path = Raw/CRotateViewController.m; sourceTree = "<group>"; };
		1ED3FB75166BDA7A008C2E21 /* CRotateTableViewController.h */ = {isa = PBXFileReference; fileEncoding = 4; lastKnownFileType = sourcecode.c.h; name = CRotateTableViewController.h; path = Raw/CRotateTableViewController.h; sourceTree = "<group>"; };
		1ED3FB76166BDA7A008C2E21 /* CRotateTableViewController.m */ = {isa = PBXFileReference; fileEncoding = 4; lastKnownFileType = sourcecode.c.objc; name = CRotateTableViewController.m; path = Raw/CRotateTableViewController.m; sourceTree = "<group>"; };
		1ED3FB78166BDA9C008C2E21 /* CRotateTabBarController.h */ = {isa = PBXFileReference; fileEncoding = 4; lastKnownFileType = sourcecode.c.h; name = CRotateTabBarController.h; path = Raw/CRotateTabBarController.h; sourceTree = "<group>"; };
		1ED3FB79166BDA9C008C2E21 /* CRotateTabBarController.m */ = {isa = PBXFileReference; fileEncoding = 4; lastKnownFileType = sourcecode.c.objc; name = CRotateTabBarController.m; path = Raw/CRotateTabBarController.m; sourceTree = "<group>"; };
		1ED3FB7F166BDB58008C2E21 /* CRotateNavigationController.h */ = {isa = PBXFileReference; fileEncoding = 4; lastKnownFileType = sourcecode.c.h; name = CRotateNavigationController.h; path = Raw/CRotateNavigationController.h; sourceTree = "<group>"; };
		1ED3FB80166BDB58008C2E21 /* CRotateNavigationController.m */ = {isa = PBXFileReference; fileEncoding = 4; lastKnownFileType = sourcecode.c.objc; name = CRotateNavigationController.m; path = Raw/CRotateNavigationController.m; sourceTree = "<group>"; };
		1ED3FB84166BDDD7008C2E21 /* CInfoViewController.h */ = {isa = PBXFileReference; fileEncoding = 4; lastKnownFileType = sourcecode.c.h; name = CInfoViewController.h; path = Info/CInfoViewController.h; sourceTree = "<group>"; };
		1ED3FB85166BDDD7008C2E21 /* CInfoViewController.m */ = {isa = PBXFileReference; fileEncoding = 4; lastKnownFileType = sourcecode.c.objc; name = CInfoViewController.m; path = Info/CInfoViewController.m; sourceTree = "<group>"; };
		1ED3FB87166BDE38008C2E21 /* CProfilesListViewController.h */ = {isa = PBXFileReference; fileEncoding = 4; lastKnownFileType = sourcecode.c.h; name = CProfilesListViewController.h; path = Profiles/CProfilesListViewController.h; sourceTree = "<group>"; };
		1ED3FB88166BDE38008C2E21 /* CProfilesListViewController.m */ = {isa = PBXFileReference; fileEncoding = 4; lastKnownFileType = sourcecode.c.objc; name = CProfilesListViewController.m; path = Profiles/CProfilesListViewController.m; sourceTree = "<group>"; };
		1ED3FBF0166E4520008C2E21 /* CProfilesDetailViewController.h */ = {isa = PBXFileReference; fileEncoding = 4; lastKnownFileType = sourcecode.c.h; name = CProfilesDetailViewController.h; path = Profiles/CProfilesDetailViewController.h; sourceTree = "<group>"; };
		1ED3FBF1166E4520008C2E21 /* CProfilesDetailViewController.m */ = {isa = PBXFileReference; fileEncoding = 4; lastKnownFileType = sourcecode.c.objc; name = CProfilesDetailViewController.m; path = Profiles/CProfilesDetailViewController.m; sourceTree = "<group>"; };
		1ED3FBF3166E453D008C2E21 /* CProfilesAddViewController.h */ = {isa = PBXFileReference; fileEncoding = 4; lastKnownFileType = sourcecode.c.h; name = CProfilesAddViewController.h; path = Profiles/CProfilesAddViewController.h; sourceTree = "<group>"; };
		1ED3FBF4166E453E008C2E21 /* CProfilesAddViewController.m */ = {isa = PBXFileReference; fileEncoding = 4; lastKnownFileType = sourcecode.c.objc; name = CProfilesAddViewController.m; path = Profiles/CProfilesAddViewController.m; sourceTree = "<group>"; };
		1ED3FBF6166E46CB008C2E21 /* CProfileCell.h */ = {isa = PBXFileReference; fileEncoding = 4; lastKnownFileType = sourcecode.c.h; name = CProfileCell.h; path = CustomCells/CProfileCell.h; sourceTree = "<group>"; };
		1ED3FBF7166E46CB008C2E21 /* CProfileCell.m */ = {isa = PBXFileReference; fileEncoding = 4; lastKnownFileType = sourcecode.c.objc; name = CProfileCell.m; path = CustomCells/CProfileCell.m; sourceTree = "<group>"; };
		1EF094F1167B491E0014B2B7 /* navigation-bar-back-ipad.png */ = {isa = PBXFileReference; lastKnownFileType = image.png; name = "navigation-bar-back-ipad.png"; path = "Resources/navigation-bar-back-ipad.png"; sourceTree = "<group>"; };
		1EF094F2167B491E0014B2B7 /* navigation-bar-back-ipad@2x.png */ = {isa = PBXFileReference; lastKnownFileType = image.png; name = "navigation-bar-back-ipad@2x.png"; path = "Resources/navigation-bar-back-ipad@2x.png"; sourceTree = "<group>"; };
		1EF094F6167B4B560014B2B7 /* tab-bar-back-ipad.png */ = {isa = PBXFileReference; lastKnownFileType = image.png; name = "tab-bar-back-ipad.png"; path = "Resources/tab-bar-back-ipad.png"; sourceTree = "<group>"; };
		1EF094F7167B4B560014B2B7 /* tab-bar-back-ipad@2x.png */ = {isa = PBXFileReference; lastKnownFileType = image.png; name = "tab-bar-back-ipad@2x.png"; path = "Resources/tab-bar-back-ipad@2x.png"; sourceTree = "<group>"; };
		1EF0950B167C88A40014B2B7 /* EGORefreshTableHeaderView.h */ = {isa = PBXFileReference; fileEncoding = 4; lastKnownFileType = sourcecode.c.h; name = EGORefreshTableHeaderView.h; path = PullAndRelease/EGORefreshTableHeaderView.h; sourceTree = "<group>"; };
		1EF0950C167C88A40014B2B7 /* EGORefreshTableHeaderView.m */ = {isa = PBXFileReference; fileEncoding = 4; lastKnownFileType = sourcecode.c.objc; name = EGORefreshTableHeaderView.m; path = PullAndRelease/EGORefreshTableHeaderView.m; sourceTree = "<group>"; };
		1EF0950F167C88B80014B2B7 /* blackArrow.png */ = {isa = PBXFileReference; lastKnownFileType = image.png; name = blackArrow.png; path = PullAndRelease/Resources/blackArrow.png; sourceTree = "<group>"; };
		1EF09510167C88B80014B2B7 /* blackArrow@2x.png */ = {isa = PBXFileReference; lastKnownFileType = image.png; name = "blackArrow@2x.png"; path = "PullAndRelease/Resources/blackArrow@2x.png"; sourceTree = "<group>"; };
		1EF09511167C88B80014B2B7 /* blueArrow.png */ = {isa = PBXFileReference; lastKnownFileType = image.png; name = blueArrow.png; path = PullAndRelease/Resources/blueArrow.png; sourceTree = "<group>"; };
		1EF09512167C88B80014B2B7 /* blueArrow@2x.png */ = {isa = PBXFileReference; lastKnownFileType = image.png; name = "blueArrow@2x.png"; path = "PullAndRelease/Resources/blueArrow@2x.png"; sourceTree = "<group>"; };
		1EF09513167C88B80014B2B7 /* grayArrow.png */ = {isa = PBXFileReference; lastKnownFileType = image.png; name = grayArrow.png; path = PullAndRelease/Resources/grayArrow.png; sourceTree = "<group>"; };
		1EF09514167C88B80014B2B7 /* grayArrow@2x.png */ = {isa = PBXFileReference; lastKnownFileType = image.png; name = "grayArrow@2x.png"; path = "PullAndRelease/Resources/grayArrow@2x.png"; sourceTree = "<group>"; };
		1EF09515167C88B80014B2B7 /* whiteArrow.png */ = {isa = PBXFileReference; lastKnownFileType = image.png; name = whiteArrow.png; path = PullAndRelease/Resources/whiteArrow.png; sourceTree = "<group>"; };
		1EF09516167C88B80014B2B7 /* whiteArrow@2x.png */ = {isa = PBXFileReference; lastKnownFileType = image.png; name = "whiteArrow@2x.png"; path = "PullAndRelease/Resources/whiteArrow@2x.png"; sourceTree = "<group>"; };
		1EF0951F167C8B3A0014B2B7 /* Default-568h@2x.png */ = {isa = PBXFileReference; lastKnownFileType = image.png; name = "Default-568h@2x.png"; path = "../../../Default-568h@2x.png"; sourceTree = "<group>"; };
		A0043A0E166A12FC00530F81 /* CPenaltyListViewController.h */ = {isa = PBXFileReference; fileEncoding = 4; lastKnownFileType = sourcecode.c.h; path = CPenaltyListViewController.h; sourceTree = "<group>"; };
		A0043A0F166A12FC00530F81 /* CPenaltyListViewController.m */ = {isa = PBXFileReference; fileEncoding = 4; lastKnownFileType = sourcecode.c.objc; path = CPenaltyListViewController.m; sourceTree = "<group>"; };
		A0043A11166A1F7300530F81 /* penalty_not_paid.png */ = {isa = PBXFileReference; lastKnownFileType = image.png; name = penalty_not_paid.png; path = Resources/penalty_not_paid.png; sourceTree = "<group>"; };
		A0043A12166A1F7300530F81 /* penalty_not_paid@2x.png */ = {isa = PBXFileReference; lastKnownFileType = image.png; name = "penalty_not_paid@2x.png"; path = "Resources/penalty_not_paid@2x.png"; sourceTree = "<group>"; };
		A0043A13166A1F7300530F81 /* penalty_overdue.png */ = {isa = PBXFileReference; lastKnownFileType = image.png; name = penalty_overdue.png; path = Resources/penalty_overdue.png; sourceTree = "<group>"; };
		A0043A14166A1F7300530F81 /* penalty_overdue@2x.png */ = {isa = PBXFileReference; lastKnownFileType = image.png; name = "penalty_overdue@2x.png"; path = "Resources/penalty_overdue@2x.png"; sourceTree = "<group>"; };
		A0043A15166A1F7300530F81 /* penalty_paid.png */ = {isa = PBXFileReference; lastKnownFileType = image.png; name = penalty_paid.png; path = Resources/penalty_paid.png; sourceTree = "<group>"; };
		A0043A16166A1F7300530F81 /* penalty_paid@2x.png */ = {isa = PBXFileReference; lastKnownFileType = image.png; name = "penalty_paid@2x.png"; path = "Resources/penalty_paid@2x.png"; sourceTree = "<group>"; };
		A0043A1D166A213100530F81 /* CPenaltyCell.h */ = {isa = PBXFileReference; fileEncoding = 4; lastKnownFileType = sourcecode.c.h; name = CPenaltyCell.h; path = CustomCells/CPenaltyCell.h; sourceTree = "<group>"; };
		A0043A1E166A213200530F81 /* CPenaltyCell.m */ = {isa = PBXFileReference; fileEncoding = 4; lastKnownFileType = sourcecode.c.objc; name = CPenaltyCell.m; path = CustomCells/CPenaltyCell.m; sourceTree = "<group>"; };
		A0043A2E166B41BF00530F81 /* PTS55F.ttf */ = {isa = PBXFileReference; lastKnownFileType = file; name = PTS55F.ttf; path = Resources/PTS55F.ttf; sourceTree = "<group>"; };
		A0043A2F166B41BF00530F81 /* PTS75F.ttf */ = {isa = PBXFileReference; lastKnownFileType = file; name = PTS75F.ttf; path = Resources/PTS75F.ttf; sourceTree = "<group>"; };
		A022DCB41674AE8000FD74EA /* profile-blue.png */ = {isa = PBXFileReference; lastKnownFileType = image.png; name = "profile-blue.png"; path = "Resources/profile-blue.png"; sourceTree = "<group>"; };
		A022DCB51674AE8000FD74EA /* profile-blue@2x.png */ = {isa = PBXFileReference; lastKnownFileType = image.png; name = "profile-blue@2x.png"; path = "Resources/profile-blue@2x.png"; sourceTree = "<group>"; };
		A022DCB61674AE8000FD74EA /* profile-gray.png */ = {isa = PBXFileReference; lastKnownFileType = image.png; name = "profile-gray.png"; path = "Resources/profile-gray.png"; sourceTree = "<group>"; };
		A022DCB71674AE8000FD74EA /* profile-gray@2x.png */ = {isa = PBXFileReference; lastKnownFileType = image.png; name = "profile-gray@2x.png"; path = "Resources/profile-gray@2x.png"; sourceTree = "<group>"; };
		A02AC843166E3AA400F02A41 /* text_field.png */ = {isa = PBXFileReference; lastKnownFileType = image.png; name = text_field.png; path = Resources/text_field.png; sourceTree = "<group>"; };
		A02AC844166E3AA400F02A41 /* text_field@2x.png */ = {isa = PBXFileReference; lastKnownFileType = image.png; name = "text_field@2x.png"; path = "Resources/text_field@2x.png"; sourceTree = "<group>"; };
		A02AC84E166E68C700F02A41 /* CGreenButton.h */ = {isa = PBXFileReference; fileEncoding = 4; lastKnownFileType = sourcecode.c.h; path = CGreenButton.h; sourceTree = "<group>"; };
		A02AC84F166E68C700F02A41 /* CGreenButton.m */ = {isa = PBXFileReference; fileEncoding = 4; lastKnownFileType = sourcecode.c.objc; path = CGreenButton.m; sourceTree = "<group>"; };
		A02AC851166E724800F02A41 /* CPenaltyDetailCell.h */ = {isa = PBXFileReference; fileEncoding = 4; lastKnownFileType = sourcecode.c.h; name = CPenaltyDetailCell.h; path = CustomCells/CPenaltyDetailCell.h; sourceTree = "<group>"; };
		A02AC852166E724800F02A41 /* CPenaltyDetailCell.m */ = {isa = PBXFileReference; fileEncoding = 4; lastKnownFileType = sourcecode.c.objc; name = CPenaltyDetailCell.m; path = CustomCells/CPenaltyDetailCell.m; sourceTree = "<group>"; };
		A02AC854166FBE9C00F02A41 /* CPenaltyDetailBoldWithImageCell.h */ = {isa = PBXFileReference; fileEncoding = 4; lastKnownFileType = sourcecode.c.h; name = CPenaltyDetailBoldWithImageCell.h; path = CustomCells/CPenaltyDetailBoldWithImageCell.h; sourceTree = "<group>"; };
		A02AC855166FBE9C00F02A41 /* CPenaltyDetailBoldWithImageCell.m */ = {isa = PBXFileReference; fileEncoding = 4; lastKnownFileType = sourcecode.c.objc; name = CPenaltyDetailBoldWithImageCell.m; path = CustomCells/CPenaltyDetailBoldWithImageCell.m; sourceTree = "<group>"; };
		A02AC857166FC27000F02A41 /* CPenaltyDetailMainCell.h */ = {isa = PBXFileReference; fileEncoding = 4; lastKnownFileType = sourcecode.c.h; name = CPenaltyDetailMainCell.h; path = CustomCells/CPenaltyDetailMainCell.h; sourceTree = "<group>"; };
		A02AC858166FC27000F02A41 /* CPenaltyDetailMainCell.m */ = {isa = PBXFileReference; fileEncoding = 4; lastKnownFileType = sourcecode.c.objc; name = CPenaltyDetailMainCell.m; path = CustomCells/CPenaltyDetailMainCell.m; sourceTree = "<group>"; };
		A02AC85A166FC8D200F02A41 /* flag.png */ = {isa = PBXFileReference; lastKnownFileType = image.png; name = flag.png; path = Resources/flag.png; sourceTree = "<group>"; };
		A02AC85B166FC8D200F02A41 /* flag@2x.png */ = {isa = PBXFileReference; lastKnownFileType = image.png; name = "flag@2x.png"; path = "Resources/flag@2x.png"; sourceTree = "<group>"; };
		A02AC85E1670E7A700F02A41 /* CTextField.h */ = {isa = PBXFileReference; fileEncoding = 4; lastKnownFileType = sourcecode.c.h; path = CTextField.h; sourceTree = "<group>"; };
		A02AC85F1670E7A700F02A41 /* CTextField.m */ = {isa = PBXFileReference; fileEncoding = 4; lastKnownFileType = sourcecode.c.objc; path = CTextField.m; sourceTree = "<group>"; };
		A098506D167E099100221140 /* CPenaltyDetailViewControllerPad.h */ = {isa = PBXFileReference; fileEncoding = 4; lastKnownFileType = sourcecode.c.h; path = CPenaltyDetailViewControllerPad.h; sourceTree = "<group>"; };
		A098506E167E099100221140 /* CPenaltyDetailViewControllerPad.m */ = {isa = PBXFileReference; fileEncoding = 4; lastKnownFileType = sourcecode.c.objc; path = CPenaltyDetailViewControllerPad.m; sourceTree = "<group>"; };
		A0985074167E101E00221140 /* CPenaltySelectionDelegate.h */ = {isa = PBXFileReference; lastKnownFileType = sourcecode.c.h; path = CPenaltySelectionDelegate.h; sourceTree = "<group>"; };
		A098507C167EF37900221140 /* CProfileSelectionDelegate.h */ = {isa = PBXFileReference; lastKnownFileType = sourcecode.c.h; name = CProfileSelectionDelegate.h; path = Profiles/CProfileSelectionDelegate.h; sourceTree = "<group>"; };
		A098507E167EF4AF00221140 /* CProfilesDetailViewControllerPad.h */ = {isa = PBXFileReference; fileEncoding = 4; lastKnownFileType = sourcecode.c.h; name = CProfilesDetailViewControllerPad.h; path = Profiles/CProfilesDetailViewControllerPad.h; sourceTree = "<group>"; };
		A098507F167EF4AF00221140 /* CProfilesDetailViewControllerPad.m */ = {isa = PBXFileReference; fileEncoding = 4; lastKnownFileType = sourcecode.c.objc; name = CProfilesDetailViewControllerPad.m; path = Profiles/CProfilesDetailViewControllerPad.m; sourceTree = "<group>"; };
		A0BCEF5D167283BE00285089 /* BSKeyboardControls.h */ = {isa = PBXFileReference; fileEncoding = 4; lastKnownFileType = sourcecode.c.h; path = BSKeyboardControls.h; sourceTree = "<group>"; };
		A0BCEF5E167283BE00285089 /* BSKeyboardControls.m */ = {isa = PBXFileReference; fileEncoding = 4; lastKnownFileType = sourcecode.c.objc; path = BSKeyboardControls.m; sourceTree = "<group>"; };
		A0C8BB5216764A7300100317 /* button-black.png */ = {isa = PBXFileReference; lastKnownFileType = image.png; name = "button-black.png"; path = "Resources/button-black.png"; sourceTree = "<group>"; };
		A0C8BB5316764A7300100317 /* button-black@2x.png */ = {isa = PBXFileReference; lastKnownFileType = image.png; name = "button-black@2x.png"; path = "Resources/button-black@2x.png"; sourceTree = "<group>"; };
		A0C8BB5616764AA500100317 /* CBlackButton.h */ = {isa = PBXFileReference; fileEncoding = 4; lastKnownFileType = sourcecode.c.h; path = CBlackButton.h; sourceTree = "<group>"; };
		A0C8BB5716764AA500100317 /* CBlackButton.m */ = {isa = PBXFileReference; fileEncoding = 4; lastKnownFileType = sourcecode.c.objc; path = CBlackButton.m; sourceTree = "<group>"; };
		A0E83FC01663CAD800561612 /* CTextFieldCell.h */ = {isa = PBXFileReference; fileEncoding = 4; lastKnownFileType = sourcecode.c.h; name = CTextFieldCell.h; path = CustomCells/CTextFieldCell.h; sourceTree = "<group>"; };
		A0E83FC11663CAD800561612 /* CTextFieldCell.m */ = {isa = PBXFileReference; fileEncoding = 4; lastKnownFileType = sourcecode.c.objc; name = CTextFieldCell.m; path = CustomCells/CTextFieldCell.m; sourceTree = "<group>"; };
		A0E83FC31663CC2300561612 /* CDisclosureCell.h */ = {isa = PBXFileReference; fileEncoding = 4; lastKnownFileType = sourcecode.c.h; name = CDisclosureCell.h; path = CustomCells/CDisclosureCell.h; sourceTree = "<group>"; };
		A0E83FC41663CC2300561612 /* CDisclosureCell.m */ = {isa = PBXFileReference; fileEncoding = 4; lastKnownFileType = sourcecode.c.objc; name = CDisclosureCell.m; path = CustomCells/CDisclosureCell.m; sourceTree = "<group>"; };
		A0E83FD21666909500561612 /* CTextFieldWithLabel.h */ = {isa = PBXFileReference; fileEncoding = 4; lastKnownFileType = sourcecode.c.h; name = CTextFieldWithLabel.h; path = CustomCells/CTextFieldWithLabel.h; sourceTree = "<group>"; };
		A0E83FD31666909500561612 /* CTextFieldWithLabel.m */ = {isa = PBXFileReference; fileEncoding = 4; lastKnownFileType = sourcecode.c.objc; name = CTextFieldWithLabel.m; path = CustomCells/CTextFieldWithLabel.m; sourceTree = "<group>"; };
		A0E83FD516669B1800561612 /* login-button-disabled.png */ = {isa = PBXFileReference; lastKnownFileType = image.png; name = "login-button-disabled.png"; path = "Resources/login-button-disabled.png"; sourceTree = "<group>"; };
		A0E83FD616669B1800561612 /* login-button-disabled@2x.png */ = {isa = PBXFileReference; lastKnownFileType = image.png; name = "login-button-disabled@2x.png"; path = "Resources/login-button-disabled@2x.png"; sourceTree = "<group>"; };
		A0E83FD716669B1800561612 /* login-button.png */ = {isa = PBXFileReference; lastKnownFileType = image.png; name = "login-button.png"; path = "Resources/login-button.png"; sourceTree = "<group>"; };
		A0E83FD816669B1800561612 /* login-button@2x.png */ = {isa = PBXFileReference; lastKnownFileType = image.png; name = "login-button@2x.png"; path = "Resources/login-button@2x.png"; sourceTree = "<group>"; };
		A0E83FF41668C01400561612 /* CLoginClientEntity.h */ = {isa = PBXFileReference; fileEncoding = 4; lastKnownFileType = sourcecode.c.h; path = CLoginClientEntity.h; sourceTree = "<group>"; };
		A0E83FF51668C01400561612 /* CLoginClientEntity.m */ = {isa = PBXFileReference; fileEncoding = 4; lastKnownFileType = sourcecode.c.objc; path = CLoginClientEntity.m; sourceTree = "<group>"; };
/* End PBXFileReference section */

/* Begin PBXFrameworksBuildPhase section */
		1EBBE6901660B3CD00708B6D /* Frameworks */ = {
			isa = PBXFrameworksBuildPhase;
			buildActionMask = 2147483647;
			files = (
				1EBBE6EB1660BE4D00708B6D /* QuartzCore.framework in Frameworks */,
				1EBBE6E91660BE4500708B6D /* CoreData.framework in Frameworks */,
				1EBBE6981660B3CD00708B6D /* UIKit.framework in Frameworks */,
				1EBBE69A1660B3CD00708B6D /* Foundation.framework in Frameworks */,
				1EBBE69C1660B3CD00708B6D /* CoreGraphics.framework in Frameworks */,
				1E9F0D251663D61E0017A2EB /* libTBXML-iOS.a in Frameworks */,
			);
			runOnlyForDeploymentPostprocessing = 0;
		};
/* End PBXFrameworksBuildPhase section */

/* Begin PBXGroup section */
		1E4D48301665157500949A5C /* Resources */ = {
			isa = PBXGroup;
			children = (
				1EF094F6167B4B560014B2B7 /* tab-bar-back-ipad.png */,
				1EF094F7167B4B560014B2B7 /* tab-bar-back-ipad@2x.png */,
				1EF094F1167B491E0014B2B7 /* navigation-bar-back-ipad.png */,
				1EF094F2167B491E0014B2B7 /* navigation-bar-back-ipad@2x.png */,
				A0C8BB5216764A7300100317 /* button-black.png */,
				A0C8BB5316764A7300100317 /* button-black@2x.png */,
				A022DCB41674AE8000FD74EA /* profile-blue.png */,
				A022DCB51674AE8000FD74EA /* profile-blue@2x.png */,
				A022DCB61674AE8000FD74EA /* profile-gray.png */,
				A022DCB71674AE8000FD74EA /* profile-gray@2x.png */,
				1EA26A571673270500F5CE7D /* cancel-for-nav.png */,
				1EA26A581673270500F5CE7D /* cancel-for-nav@2x.png */,
				1EA26A591673270500F5CE7D /* done-for-nav.png */,
				1EA26A5A1673270500F5CE7D /* done-for-nav@2x.png */,
				1EA26A5B1673270500F5CE7D /* edit-for-nav.png */,
				1EA26A5C1673270500F5CE7D /* edit-for-nav@2x.png */,
				1EA26A5D1673270500F5CE7D /* save-for-nav.png */,
				1EA26A5E1673270500F5CE7D /* save-for-nav@2x.png */,
				1EA26A371671162900F5CE7D /* back-for-nav.png */,
				1EA26A381671162900F5CE7D /* back-for-nav@2x.png */,
				A02AC85A166FC8D200F02A41 /* flag.png */,
				A02AC85B166FC8D200F02A41 /* flag@2x.png */,
				A02AC843166E3AA400F02A41 /* text_field.png */,
				A02AC844166E3AA400F02A41 /* text_field@2x.png */,
				A0043A2E166B41BF00530F81 /* PTS55F.ttf */,
				A0043A2F166B41BF00530F81 /* PTS75F.ttf */,
				A0043A11166A1F7300530F81 /* penalty_not_paid.png */,
				A0043A12166A1F7300530F81 /* penalty_not_paid@2x.png */,
				A0043A13166A1F7300530F81 /* penalty_overdue.png */,
				A0043A14166A1F7300530F81 /* penalty_overdue@2x.png */,
				A0043A15166A1F7300530F81 /* penalty_paid.png */,
				A0043A16166A1F7300530F81 /* penalty_paid@2x.png */,
				A0E83FD516669B1800561612 /* login-button-disabled.png */,
				A0E83FD616669B1800561612 /* login-button-disabled@2x.png */,
				A0E83FD716669B1800561612 /* login-button.png */,
				A0E83FD816669B1800561612 /* login-button@2x.png */,
				1E4D48321665158600949A5C /* info-tab.png */,
				1E4D48331665158600949A5C /* info-tab@2x.png */,
				1E4D48341665158600949A5C /* navigation-bar-back.png */,
				1E4D48351665158600949A5C /* navigation-bar-back@2x.png */,
				1E4D48361665158600949A5C /* penalties-tab.png */,
				1E4D48371665158600949A5C /* penalties-tab@2x.png */,
				1E4D48381665158600949A5C /* profiles-tab.png */,
				1E4D48391665158600949A5C /* profiles-tab@2x.png */,
				1E4D483A1665158600949A5C /* select-tab.png */,
				1E4D483B1665158600949A5C /* select-tab@2x.png */,
				1E4D483C1665158600949A5C /* tab-bar-back.png */,
				1E4D483D1665158600949A5C /* tab-bar-back@2x.png */,
			);
			name = Resources;
			sourceTree = "<group>";
		};
		1E99EE491682374700753AE4 /* StateHolder */ = {
			isa = PBXGroup;
			children = (
				1E99EE4A1682377700753AE4 /* IStateHolderObserver.h */,
				1E99EE4D1682381200753AE4 /* CStateHolder.h */,
				1E99EE4E1682381200753AE4 /* CStateHolder.m */,
			);
			name = StateHolder;
			sourceTree = "<group>";
		};
		1E9F0D1E1663D6050017A2EB /* Update */ = {
			isa = PBXGroup;
			children = (
				1E9F0D261663D8200017A2EB /* JSONKit */,
				1E9F0D201663D60D0017A2EB /* TBXML */,
				1E9F0D2E1663DB210017A2EB /* CUpdater.h */,
				1E9F0D2F1663DB210017A2EB /* CUpdater.m */,
				1E4D48841665D55D00949A5C /* CUpdateUtility.h */,
				1E4D48851665D55D00949A5C /* CUpdateUtility.m */,
			);
			name = Update;
			sourceTree = "<group>";
		};
		1E9F0D201663D60D0017A2EB /* TBXML */ = {
			isa = PBXGroup;
			children = (
				1E9F0D211663D61E0017A2EB /* libTBXML-iOS.a */,
				1E9F0D221663D61E0017A2EB /* TBXML.h */,
				1E9F0D231663D61E0017A2EB /* TBXML+Compression.h */,
				1E9F0D241663D61E0017A2EB /* TBXML+HTTP.h */,
			);
			name = TBXML;
			sourceTree = "<group>";
		};
		1E9F0D261663D8200017A2EB /* JSONKit */ = {
			isa = PBXGroup;
			children = (
				1E9F0D271663D8390017A2EB /* JSONKit.h */,
				1E9F0D281663D8390017A2EB /* JSONKit.m */,
			);
			name = JSONKit;
			sourceTree = "<group>";
		};
		1EA471FA1661F2E4008CBFB3 /* LoginScreen */ = {
			isa = PBXGroup;
			children = (
				1EA471FB1661F330008CBFB3 /* CLoginViewController.h */,
				1EA471FC1661F330008CBFB3 /* CLoginViewController.m */,
			);
			name = LoginScreen;
			sourceTree = "<group>";
		};
		1EBBE6881660B3CD00708B6D = {
			isa = PBXGroup;
			children = (
				1EBBE69D1660B3CD00708B6D /* gpen */,
				1EBBE6961660B3CD00708B6D /* Frameworks */,
				1EBBE6941660B3CD00708B6D /* Products */,
			);
			sourceTree = "<group>";
		};
		1EBBE6941660B3CD00708B6D /* Products */ = {
			isa = PBXGroup;
			children = (
				1EBBE6931660B3CD00708B6D /* gpen.app */,
			);
			name = Products;
			sourceTree = "<group>";
		};
		1EBBE6961660B3CD00708B6D /* Frameworks */ = {
			isa = PBXGroup;
			children = (
				1EBBE6EA1660BE4D00708B6D /* QuartzCore.framework */,
				1EBBE6E81660BE4500708B6D /* CoreData.framework */,
				1EBBE6971660B3CD00708B6D /* UIKit.framework */,
				1EBBE6991660B3CD00708B6D /* Foundation.framework */,
				1EBBE69B1660B3CD00708B6D /* CoreGraphics.framework */,
			);
			name = Frameworks;
			sourceTree = "<group>";
		};
		1EBBE69D1660B3CD00708B6D /* gpen */ = {
			isa = PBXGroup;
			children = (
				1E99EE491682374700753AE4 /* StateHolder */,
				1EF0950A167C888C0014B2B7 /* PullAndRelease */,
				A02AC84C166E689B00F02A41 /* UIElements */,
				1ED3FB70166BD9BF008C2E21 /* Raw */,
				A0043A0D166A12D800530F81 /* Penalties */,
				1ED3FB83166BDDA8008C2E21 /* Profiles */,
				1ED3FB82166BDD9A008C2E21 /* Info */,
				A0E83FF21668BFFC00561612 /* Entities */,
				1E4D48301665157500949A5C /* Resources */,
				1E9F0D1E1663D6050017A2EB /* Update */,
				A0E83FBF1663CA7B00561612 /* CustomCells */,
				1EA471FA1661F2E4008CBFB3 /* LoginScreen */,
				1EBBE6FD1660CBD800708B6D /* SplashScreen */,
				1EBBE6E41660BDEE00708B6D /* Dispatcher */,
				1EBBE6CC1660B90500708B6D /* DataAccess */,
				1EBBE6A61660B3CD00708B6D /* AppDelegate.h */,
				1EBBE6A71660B3CD00708B6D /* AppDelegate.m */,
				1EBBE6AF1660B3CD00708B6D /* MainStoryboard_iPhone.storyboard */,
				1EBBE6B21660B3CD00708B6D /* MainStoryboard_iPad.storyboard */,
				1EBBE69E1660B3CD00708B6D /* Supporting Files */,
			);
			path = gpen;
			sourceTree = "<group>";
		};
		1EBBE69E1660B3CD00708B6D /* Supporting Files */ = {
			isa = PBXGroup;
			children = (
				1EBBE69F1660B3CD00708B6D /* gpen-Info.plist */,
				1EBBE6A01660B3CD00708B6D /* InfoPlist.strings */,
				1EBBE6A31660B3CD00708B6D /* main.m */,
				1EBBE6A51660B3CD00708B6D /* gpen-Prefix.pch */,
			);
			name = "Supporting Files";
			sourceTree = "<group>";
		};
		1EBBE6CC1660B90500708B6D /* DataAccess */ = {
			isa = PBXGroup;
			children = (
				1EBBE6F01660C1E600708B6D /* DAO */,
				1EBBE6EF1660C1AC00708B6D /* Model */,
				1EBBE6CE1660B9AF00708B6D /* CDao.h */,
				1EBBE6CF1660B9AF00708B6D /* CDao.m */,
				1EBBE6D21660B9AF00708B6D /* CDataAccessManager.h */,
				1EBBE6D31660B9AF00708B6D /* CDataAccessManager.m */,
				1EBBE6EC1660C18A00708B6D /* gpen.xcdatamodeld */,
			);
			name = DataAccess;
			sourceTree = "<group>";
		};
		1EBBE6E41660BDEE00708B6D /* Dispatcher */ = {
			isa = PBXGroup;
			children = (
				1EBBE6E51660BE0100708B6D /* CCentralDispatcher.h */,
				1EBBE6E61660BE0100708B6D /* CCentralDispatcher.m */,
			);
			name = Dispatcher;
			sourceTree = "<group>";
		};
		1EBBE6EF1660C1AC00708B6D /* Model */ = {
			isa = PBXGroup;
			children = (
				1EB1E48616669485006CEC41 /* Recipient.h */,
				1EB1E48716669485006CEC41 /* Recipient.m */,
				1E99EE581682F9E600753AE4 /* Profile.h */,
				1E99EE591682F9E600753AE4 /* Profile.m */,
				1E99EE551682F9E400753AE4 /* Penalty.h */,
				1E99EE561682F9E400753AE4 /* Penalty.m */,
			);
			name = Model;
			sourceTree = "<group>";
		};
		1EBBE6F01660C1E600708B6D /* DAO */ = {
			isa = PBXGroup;
			children = (
				1E4D487B1665604700949A5C /* CDao+Penalty.h */,
				1E4D487C1665604700949A5C /* CDao+Penalty.m */,
				1E4D487E1665611900949A5C /* CDao+Profile.h */,
				1E4D487F1665611900949A5C /* CDao+Profile.m */,
				1E4D48811665612F00949A5C /* CDao+Recipient.h */,
				1E4D48821665612F00949A5C /* CDao+Recipient.m */,
			);
			name = DAO;
			sourceTree = "<group>";
		};
		1EBBE6FD1660CBD800708B6D /* SplashScreen */ = {
			isa = PBXGroup;
			children = (
				1EBBE6FE1660CBD800708B6D /* CSplashViewController.h */,
				1EBBE6FF1660CBD800708B6D /* CSplashViewController.m */,
				1EBBE7001660CBD800708B6D /* Resources */,
			);
			path = SplashScreen;
			sourceTree = "<group>";
		};
		1EBBE7001660CBD800708B6D /* Resources */ = {
			isa = PBXGroup;
			children = (
				1EB1E47C166688AB006CEC41 /* Default.png */,
				1EB1E47D166688AB006CEC41 /* Default@2x.png */,
				1EBBE7061660CF9500708B6D /* Default-Portrait.png */,
				1EBBE7071660CF9500708B6D /* Default-Portrait@2x.png */,
				1EF0951F167C8B3A0014B2B7 /* Default-568h@2x.png */,
			);
			path = Resources;
			sourceTree = "<group>";
		};
		1ED3FB70166BD9BF008C2E21 /* Raw */ = {
			isa = PBXGroup;
			children = (
				1ED3FB72166BDA5D008C2E21 /* CRotateViewController.h */,
				1ED3FB73166BDA5D008C2E21 /* CRotateViewController.m */,
				1ED3FB75166BDA7A008C2E21 /* CRotateTableViewController.h */,
				1ED3FB76166BDA7A008C2E21 /* CRotateTableViewController.m */,
				1ED3FB78166BDA9C008C2E21 /* CRotateTabBarController.h */,
				1ED3FB79166BDA9C008C2E21 /* CRotateTabBarController.m */,
				1ED3FB7F166BDB58008C2E21 /* CRotateNavigationController.h */,
				1ED3FB80166BDB58008C2E21 /* CRotateNavigationController.m */,
				1EB640F5167B2D3300F5C767 /* CRotateSplitViewController.h */,
				1EB640F6167B2D3300F5C767 /* CRotateSplitViewController.m */,
			);
			name = Raw;
			sourceTree = "<group>";
		};
		1ED3FB82166BDD9A008C2E21 /* Info */ = {
			isa = PBXGroup;
			children = (
				1ED3FB84166BDDD7008C2E21 /* CInfoViewController.h */,
				1ED3FB85166BDDD7008C2E21 /* CInfoViewController.m */,
				1E99EE7516842BF300753AE4 /* CDisableCopyPasteTextView.h */,
				1E99EE7616842BF300753AE4 /* CDisableCopyPasteTextView.m */,
			);
			name = Info;
			sourceTree = "<group>";
		};
		1ED3FB83166BDDA8008C2E21 /* Profiles */ = {
			isa = PBXGroup;
			children = (
				1ED3FB87166BDE38008C2E21 /* CProfilesListViewController.h */,
				1ED3FB88166BDE38008C2E21 /* CProfilesListViewController.m */,
				1ED3FBF0166E4520008C2E21 /* CProfilesDetailViewController.h */,
				1ED3FBF1166E4520008C2E21 /* CProfilesDetailViewController.m */,
				1ED3FBF3166E453D008C2E21 /* CProfilesAddViewController.h */,
				1ED3FBF4166E453E008C2E21 /* CProfilesAddViewController.m */,
				A098507C167EF37900221140 /* CProfileSelectionDelegate.h */,
				A098507E167EF4AF00221140 /* CProfilesDetailViewControllerPad.h */,
				A098507F167EF4AF00221140 /* CProfilesDetailViewControllerPad.m */,
			);
			name = Profiles;
			sourceTree = "<group>";
		};
		1EF0950A167C888C0014B2B7 /* PullAndRelease */ = {
			isa = PBXGroup;
			children = (
				1EF0950E167C88A80014B2B7 /* Resources */,
				1EF0950B167C88A40014B2B7 /* EGORefreshTableHeaderView.h */,
				1EF0950C167C88A40014B2B7 /* EGORefreshTableHeaderView.m */,
			);
			name = PullAndRelease;
			sourceTree = "<group>";
		};
		1EF0950E167C88A80014B2B7 /* Resources */ = {
			isa = PBXGroup;
			children = (
				1EF0950F167C88B80014B2B7 /* blackArrow.png */,
				1EF09510167C88B80014B2B7 /* blackArrow@2x.png */,
				1EF09511167C88B80014B2B7 /* blueArrow.png */,
				1EF09512167C88B80014B2B7 /* blueArrow@2x.png */,
				1EF09513167C88B80014B2B7 /* grayArrow.png */,
				1EF09514167C88B80014B2B7 /* grayArrow@2x.png */,
				1EF09515167C88B80014B2B7 /* whiteArrow.png */,
				1EF09516167C88B80014B2B7 /* whiteArrow@2x.png */,
			);
			name = Resources;
			sourceTree = "<group>";
		};
		A0043A0D166A12D800530F81 /* Penalties */ = {
			isa = PBXGroup;
			children = (
				A0043A0E166A12FC00530F81 /* CPenaltyListViewController.h */,
				A0043A0F166A12FC00530F81 /* CPenaltyListViewController.m */,
				1EAC828F166B3E3B00D6ED80 /* CPenaltyDetailViewController.h */,
				1EAC8290166B3E3B00D6ED80 /* CPenaltyDetailViewController.m */,
				1EAC8292166B40A600D6ED80 /* CPenaltyTicketViewController.h */,
				1EAC8293166B40A600D6ED80 /* CPenaltyTicketViewController.m */,
				A098506D167E099100221140 /* CPenaltyDetailViewControllerPad.h */,
				A098506E167E099100221140 /* CPenaltyDetailViewControllerPad.m */,
				A0985074167E101E00221140 /* CPenaltySelectionDelegate.h */,
			);
			path = Penalties;
			sourceTree = "<group>";
		};
		A02AC84C166E689B00F02A41 /* UIElements */ = {
			isa = PBXGroup;
			children = (
				A0BCEF5B1672838500285089 /* BSKeyboardControls */,
				A02AC84E166E68C700F02A41 /* CGreenButton.h */,
				A02AC84F166E68C700F02A41 /* CGreenButton.m */,
				A02AC85E1670E7A700F02A41 /* CTextField.h */,
				A02AC85F1670E7A700F02A41 /* CTextField.m */,
				A0C8BB5616764AA500100317 /* CBlackButton.h */,
				A0C8BB5716764AA500100317 /* CBlackButton.m */,
			);
			path = UIElements;
			sourceTree = "<group>";
		};
		A0BCEF5B1672838500285089 /* BSKeyboardControls */ = {
			isa = PBXGroup;
			children = (
				A0BCEF5D167283BE00285089 /* BSKeyboardControls.h */,
				A0BCEF5E167283BE00285089 /* BSKeyboardControls.m */,
			);
			path = BSKeyboardControls;
			sourceTree = "<group>";
		};
		A0E83FBF1663CA7B00561612 /* CustomCells */ = {
			isa = PBXGroup;
			children = (
				A0E83FD21666909500561612 /* CTextFieldWithLabel.h */,
				A0E83FD31666909500561612 /* CTextFieldWithLabel.m */,
				A0E83FC01663CAD800561612 /* CTextFieldCell.h */,
				A0E83FC11663CAD800561612 /* CTextFieldCell.m */,
				A0E83FC31663CC2300561612 /* CDisclosureCell.h */,
				A0E83FC41663CC2300561612 /* CDisclosureCell.m */,
				A0043A1D166A213100530F81 /* CPenaltyCell.h */,
				A0043A1E166A213200530F81 /* CPenaltyCell.m */,
				1ED3FBF6166E46CB008C2E21 /* CProfileCell.h */,
				1ED3FBF7166E46CB008C2E21 /* CProfileCell.m */,
				A02AC851166E724800F02A41 /* CPenaltyDetailCell.h */,
				A02AC852166E724800F02A41 /* CPenaltyDetailCell.m */,
				A02AC854166FBE9C00F02A41 /* CPenaltyDetailBoldWithImageCell.h */,
				A02AC855166FBE9C00F02A41 /* CPenaltyDetailBoldWithImageCell.m */,
				A02AC857166FC27000F02A41 /* CPenaltyDetailMainCell.h */,
				A02AC858166FC27000F02A41 /* CPenaltyDetailMainCell.m */,
			);
			name = CustomCells;
			sourceTree = "<group>";
		};
		A0E83FF21668BFFC00561612 /* Entities */ = {
			isa = PBXGroup;
			children = (
				A0E83FF41668C01400561612 /* CLoginClientEntity.h */,
				A0E83FF51668C01400561612 /* CLoginClientEntity.m */,
			);
			path = Entities;
			sourceTree = "<group>";
		};
/* End PBXGroup section */

/* Begin PBXNativeTarget section */
		1EBBE6921660B3CD00708B6D /* gpen */ = {
			isa = PBXNativeTarget;
			buildConfigurationList = 1EBBE6C51660B3CD00708B6D /* Build configuration list for PBXNativeTarget "gpen" */;
			buildPhases = (
				1EBBE68F1660B3CD00708B6D /* Sources */,
				1EBBE6901660B3CD00708B6D /* Frameworks */,
				1EBBE6911660B3CD00708B6D /* Resources */,
			);
			buildRules = (
			);
			dependencies = (
			);
			name = gpen;
			productName = gpen;
			productReference = 1EBBE6931660B3CD00708B6D /* gpen.app */;
			productType = "com.apple.product-type.application";
		};
/* End PBXNativeTarget section */

/* Begin PBXProject section */
		1EBBE68A1660B3CD00708B6D /* Project object */ = {
			isa = PBXProject;
			attributes = {
				LastUpgradeCheck = 0450;
				ORGANIZATIONNAME = XP.Guild;
			};
			buildConfigurationList = 1EBBE68D1660B3CD00708B6D /* Build configuration list for PBXProject "gpen" */;
			compatibilityVersion = "Xcode 3.2";
			developmentRegion = English;
			hasScannedForEncodings = 0;
			knownRegions = (
				en,
			);
			mainGroup = 1EBBE6881660B3CD00708B6D;
			productRefGroup = 1EBBE6941660B3CD00708B6D /* Products */;
			projectDirPath = "";
			projectRoot = "";
			targets = (
				1EBBE6921660B3CD00708B6D /* gpen */,
			);
		};
/* End PBXProject section */

/* Begin PBXResourcesBuildPhase section */
		1EBBE6911660B3CD00708B6D /* Resources */ = {
			isa = PBXResourcesBuildPhase;
			buildActionMask = 2147483647;
			files = (
				1E99EE731683B52500753AE4 /* Default.png in Resources */,
				1E99EE741683B52600753AE4 /* Default@2x.png in Resources */,
				1EBBE6A21660B3CD00708B6D /* InfoPlist.strings in Resources */,
				1EBBE6B11660B3CD00708B6D /* MainStoryboard_iPhone.storyboard in Resources */,
				1EBBE6B41660B3CD00708B6D /* MainStoryboard_iPad.storyboard in Resources */,
				1EBBE70A1660CF9500708B6D /* Default-Portrait.png in Resources */,
				1EBBE70B1660CF9500708B6D /* Default-Portrait@2x.png in Resources */,
				1E4D483E1665158600949A5C /* info-tab.png in Resources */,
				1E4D483F1665158600949A5C /* info-tab@2x.png in Resources */,
				1E4D48401665158600949A5C /* navigation-bar-back.png in Resources */,
				1E4D48411665158600949A5C /* navigation-bar-back@2x.png in Resources */,
				1E4D48421665158600949A5C /* penalties-tab.png in Resources */,
				1E4D48431665158600949A5C /* penalties-tab@2x.png in Resources */,
				1E4D48441665158600949A5C /* profiles-tab.png in Resources */,
				1E4D48451665158600949A5C /* profiles-tab@2x.png in Resources */,
				1E4D48461665158600949A5C /* select-tab.png in Resources */,
				1E4D48471665158600949A5C /* select-tab@2x.png in Resources */,
				1E4D48481665158600949A5C /* tab-bar-back.png in Resources */,
				1E4D48491665158600949A5C /* tab-bar-back@2x.png in Resources */,
				A0E83FD916669B1800561612 /* login-button-disabled.png in Resources */,
				A0E83FDA16669B1800561612 /* login-button-disabled@2x.png in Resources */,
				A0E83FDB16669B1800561612 /* login-button.png in Resources */,
				A0E83FDC16669B1800561612 /* login-button@2x.png in Resources */,
				A0043A17166A1F7300530F81 /* penalty_not_paid.png in Resources */,
				A0043A18166A1F7300530F81 /* penalty_not_paid@2x.png in Resources */,
				A0043A19166A1F7300530F81 /* penalty_overdue.png in Resources */,
				A0043A1A166A1F7300530F81 /* penalty_overdue@2x.png in Resources */,
				A0043A1B166A1F7300530F81 /* penalty_paid.png in Resources */,
				A0043A1C166A1F7300530F81 /* penalty_paid@2x.png in Resources */,
				A0043A30166B41BF00530F81 /* PTS55F.ttf in Resources */,
				A0043A31166B41BF00530F81 /* PTS75F.ttf in Resources */,
				A02AC845166E3AA400F02A41 /* text_field.png in Resources */,
				A02AC846166E3AA400F02A41 /* text_field@2x.png in Resources */,
				A02AC85C166FC8D200F02A41 /* flag.png in Resources */,
				A02AC85D166FC8D200F02A41 /* flag@2x.png in Resources */,
				1EA26A391671162900F5CE7D /* back-for-nav.png in Resources */,
				1EA26A3A1671162900F5CE7D /* back-for-nav@2x.png in Resources */,
				1EA26A5F1673270500F5CE7D /* cancel-for-nav.png in Resources */,
				1EA26A601673270500F5CE7D /* cancel-for-nav@2x.png in Resources */,
				1EA26A611673270500F5CE7D /* done-for-nav.png in Resources */,
				1EA26A621673270500F5CE7D /* done-for-nav@2x.png in Resources */,
				1EA26A631673270500F5CE7D /* edit-for-nav.png in Resources */,
				1EA26A641673270500F5CE7D /* edit-for-nav@2x.png in Resources */,
				1EA26A651673270500F5CE7D /* save-for-nav.png in Resources */,
				1EA26A661673270500F5CE7D /* save-for-nav@2x.png in Resources */,
				A022DCB81674AE8000FD74EA /* profile-blue.png in Resources */,
				A022DCB91674AE8000FD74EA /* profile-blue@2x.png in Resources */,
				A022DCBA1674AE8000FD74EA /* profile-gray.png in Resources */,
				A022DCBB1674AE8000FD74EA /* profile-gray@2x.png in Resources */,
				A0C8BB5416764A7300100317 /* button-black.png in Resources */,
				A0C8BB5516764A7300100317 /* button-black@2x.png in Resources */,
				1EF094F3167B491E0014B2B7 /* navigation-bar-back-ipad.png in Resources */,
				1EF094F4167B491E0014B2B7 /* navigation-bar-back-ipad@2x.png in Resources */,
				1EF094F8167B4B560014B2B7 /* tab-bar-back-ipad.png in Resources */,
				1EF094F9167B4B560014B2B7 /* tab-bar-back-ipad@2x.png in Resources */,
				1EF09517167C88B80014B2B7 /* blackArrow.png in Resources */,
				1EF09518167C88B80014B2B7 /* blackArrow@2x.png in Resources */,
				1EF09519167C88B80014B2B7 /* blueArrow.png in Resources */,
				1EF0951A167C88B80014B2B7 /* blueArrow@2x.png in Resources */,
				1EF0951B167C88B80014B2B7 /* grayArrow.png in Resources */,
				1EF0951C167C88B80014B2B7 /* grayArrow@2x.png in Resources */,
				1EF0951D167C88B80014B2B7 /* whiteArrow.png in Resources */,
				1EF0951E167C88B80014B2B7 /* whiteArrow@2x.png in Resources */,
				1EF09520167C8B3A0014B2B7 /* Default-568h@2x.png in Resources */,
			);
			runOnlyForDeploymentPostprocessing = 0;
		};
/* End PBXResourcesBuildPhase section */

/* Begin PBXSourcesBuildPhase section */
		1EBBE68F1660B3CD00708B6D /* Sources */ = {
			isa = PBXSourcesBuildPhase;
			buildActionMask = 2147483647;
			files = (
				1EBBE6A41660B3CD00708B6D /* main.m in Sources */,
				1EBBE6A81660B3CD00708B6D /* AppDelegate.m in Sources */,
				1EBBE6D41660B9AF00708B6D /* CDao.m in Sources */,
				1EBBE6D61660B9AF00708B6D /* CDataAccessManager.m in Sources */,
				1EBBE6E71660BE0100708B6D /* CCentralDispatcher.m in Sources */,
				1EBBE6EE1660C18A00708B6D /* gpen.xcdatamodeld in Sources */,
				1EBBE7031660CBD800708B6D /* CSplashViewController.m in Sources */,
				1EA471FD1661F330008CBFB3 /* CLoginViewController.m in Sources */,
				1E9F0D291663D8390017A2EB /* JSONKit.m in Sources */,
				1E9F0D301663DB210017A2EB /* CUpdater.m in Sources */,
				A0E83FC21663CAD800561612 /* CTextFieldCell.m in Sources */,
				A0E83FC51663CC2300561612 /* CDisclosureCell.m in Sources */,
				1E4D487D1665604700949A5C /* CDao+Penalty.m in Sources */,
				1E4D48801665611900949A5C /* CDao+Profile.m in Sources */,
				1E4D48831665613000949A5C /* CDao+Recipient.m in Sources */,
				1E4D48861665D55D00949A5C /* CUpdateUtility.m in Sources */,
				1EB1E48816669485006CEC41 /* Recipient.m in Sources */,
				A0E83FD41666909500561612 /* CTextFieldWithLabel.m in Sources */,
				A0E83FF61668C01400561612 /* CLoginClientEntity.m in Sources */,
				A0043A10166A12FC00530F81 /* CPenaltyListViewController.m in Sources */,
				A0043A1F166A213200530F81 /* CPenaltyCell.m in Sources */,
				1EAC8291166B3E3B00D6ED80 /* CPenaltyDetailViewController.m in Sources */,
				1EAC8294166B40A700D6ED80 /* CPenaltyTicketViewController.m in Sources */,
				1ED3FB74166BDA5D008C2E21 /* CRotateViewController.m in Sources */,
				1ED3FB77166BDA7A008C2E21 /* CRotateTableViewController.m in Sources */,
				1ED3FB7A166BDA9C008C2E21 /* CRotateTabBarController.m in Sources */,
				1ED3FB81166BDB58008C2E21 /* CRotateNavigationController.m in Sources */,
				1ED3FB86166BDDD7008C2E21 /* CInfoViewController.m in Sources */,
				1ED3FB89166BDE38008C2E21 /* CProfilesListViewController.m in Sources */,
				1ED3FBF2166E4520008C2E21 /* CProfilesDetailViewController.m in Sources */,
				1ED3FBF5166E453E008C2E21 /* CProfilesAddViewController.m in Sources */,
				1ED3FBF8166E46CB008C2E21 /* CProfileCell.m in Sources */,
				A02AC850166E68C700F02A41 /* CGreenButton.m in Sources */,
				A02AC853166E724800F02A41 /* CPenaltyDetailCell.m in Sources */,
				A02AC856166FBE9C00F02A41 /* CPenaltyDetailBoldWithImageCell.m in Sources */,
				A02AC859166FC27000F02A41 /* CPenaltyDetailMainCell.m in Sources */,
				A02AC8601670E7A700F02A41 /* CTextField.m in Sources */,
				A0BCEF5F167283BE00285089 /* BSKeyboardControls.m in Sources */,
				A0C8BB5816764AA500100317 /* CBlackButton.m in Sources */,
				1EB640F7167B2D3300F5C767 /* CRotateSplitViewController.m in Sources */,
				1EF0950D167C88A40014B2B7 /* EGORefreshTableHeaderView.m in Sources */,
				A098506F167E099100221140 /* CPenaltyDetailViewControllerPad.m in Sources */,
				A0985080167EF4AF00221140 /* CProfilesDetailViewControllerPad.m in Sources */,
				1E99EE4F1682381200753AE4 /* CStateHolder.m in Sources */,
				1E99EE571682F9E400753AE4 /* Penalty.m in Sources */,
				1E99EE5A1682F9E600753AE4 /* Profile.m in Sources */,
				1E99EE7716842BF300753AE4 /* CDisableCopyPasteTextView.m in Sources */,
			);
			runOnlyForDeploymentPostprocessing = 0;
		};
/* End PBXSourcesBuildPhase section */

/* Begin PBXVariantGroup section */
		1EBBE6A01660B3CD00708B6D /* InfoPlist.strings */ = {
			isa = PBXVariantGroup;
			children = (
				1EBBE6A11660B3CD00708B6D /* en */,
			);
			name = InfoPlist.strings;
			sourceTree = "<group>";
		};
		1EBBE6AF1660B3CD00708B6D /* MainStoryboard_iPhone.storyboard */ = {
			isa = PBXVariantGroup;
			children = (
				1EBBE6B01660B3CD00708B6D /* en */,
			);
			name = MainStoryboard_iPhone.storyboard;
			sourceTree = "<group>";
		};
		1EBBE6B21660B3CD00708B6D /* MainStoryboard_iPad.storyboard */ = {
			isa = PBXVariantGroup;
			children = (
				1EBBE6B31660B3CD00708B6D /* en */,
			);
			name = MainStoryboard_iPad.storyboard;
			sourceTree = "<group>";
		};
/* End PBXVariantGroup section */

/* Begin XCBuildConfiguration section */
		1EBBE6C31660B3CD00708B6D /* Debug */ = {
			isa = XCBuildConfiguration;
			buildSettings = {
				ALWAYS_SEARCH_USER_PATHS = NO;
				CLANG_CXX_LANGUAGE_STANDARD = "gnu++0x";
				CLANG_CXX_LIBRARY = "libc++";
				CLANG_ENABLE_OBJC_ARC = YES;
				CLANG_WARN_EMPTY_BODY = YES;
				CLANG_WARN__DUPLICATE_METHOD_MATCH = YES;
				"CODE_SIGN_IDENTITY[sdk=iphoneos*]" = "iPhone Developer";
				COPY_PHASE_STRIP = NO;
				GCC_C_LANGUAGE_STANDARD = gnu99;
				GCC_DYNAMIC_NO_PIC = NO;
				GCC_OPTIMIZATION_LEVEL = 0;
				GCC_PREPROCESSOR_DEFINITIONS = (
					"DEBUG=1",
					"$(inherited)",
				);
				GCC_SYMBOLS_PRIVATE_EXTERN = NO;
				GCC_WARN_ABOUT_RETURN_TYPE = YES;
				GCC_WARN_UNINITIALIZED_AUTOS = YES;
				GCC_WARN_UNUSED_VARIABLE = YES;
				IPHONEOS_DEPLOYMENT_TARGET = 6.0;
				ONLY_ACTIVE_ARCH = YES;
				SDKROOT = iphoneos;
				TARGETED_DEVICE_FAMILY = "1,2";
			};
			name = Debug;
		};
		1EBBE6C41660B3CD00708B6D /* Release */ = {
			isa = XCBuildConfiguration;
			buildSettings = {
				ALWAYS_SEARCH_USER_PATHS = NO;
				CLANG_CXX_LANGUAGE_STANDARD = "gnu++0x";
				CLANG_CXX_LIBRARY = "libc++";
				CLANG_ENABLE_OBJC_ARC = YES;
				CLANG_WARN_EMPTY_BODY = YES;
				CLANG_WARN__DUPLICATE_METHOD_MATCH = YES;
				"CODE_SIGN_IDENTITY[sdk=iphoneos*]" = "iPhone Developer";
				COPY_PHASE_STRIP = YES;
				GCC_C_LANGUAGE_STANDARD = gnu99;
				GCC_WARN_ABOUT_RETURN_TYPE = YES;
				GCC_WARN_UNINITIALIZED_AUTOS = YES;
				GCC_WARN_UNUSED_VARIABLE = YES;
				IPHONEOS_DEPLOYMENT_TARGET = 6.0;
				OTHER_CFLAGS = "-DNS_BLOCK_ASSERTIONS=1";
				SDKROOT = iphoneos;
				TARGETED_DEVICE_FAMILY = "1,2";
				VALIDATE_PRODUCT = YES;
			};
			name = Release;
		};
		1EBBE6C61660B3CD00708B6D /* Debug */ = {
			isa = XCBuildConfiguration;
			buildSettings = {
				GCC_PRECOMPILE_PREFIX_HEADER = YES;
				GCC_PREFIX_HEADER = "gpen/gpen-Prefix.pch";
				INFOPLIST_FILE = "gpen/gpen-Info.plist";
				IPHONEOS_DEPLOYMENT_TARGET = 5.0;
				LIBRARY_SEARCH_PATHS = (
					"$(inherited)",
					"\"$(SRCROOT)/gpen/Update/TBXML\"",
				);
				PRODUCT_NAME = "$(TARGET_NAME)";
				TARGETED_DEVICE_FAMILY = "1,2";
				WRAPPER_EXTENSION = app;
			};
			name = Debug;
		};
		1EBBE6C71660B3CD00708B6D /* Release */ = {
			isa = XCBuildConfiguration;
			buildSettings = {
				GCC_PRECOMPILE_PREFIX_HEADER = YES;
				GCC_PREFIX_HEADER = "gpen/gpen-Prefix.pch";
				INFOPLIST_FILE = "gpen/gpen-Info.plist";
				IPHONEOS_DEPLOYMENT_TARGET = 5.0;
				LIBRARY_SEARCH_PATHS = (
					"$(inherited)",
					"\"$(SRCROOT)/gpen/Update/TBXML\"",
				);
				PRODUCT_NAME = "$(TARGET_NAME)";
				TARGETED_DEVICE_FAMILY = "1,2";
				WRAPPER_EXTENSION = app;
			};
			name = Release;
		};
/* End XCBuildConfiguration section */

/* Begin XCConfigurationList section */
		1EBBE68D1660B3CD00708B6D /* Build configuration list for PBXProject "gpen" */ = {
			isa = XCConfigurationList;
			buildConfigurations = (
				1EBBE6C31660B3CD00708B6D /* Debug */,
				1EBBE6C41660B3CD00708B6D /* Release */,
			);
			defaultConfigurationIsVisible = 0;
			defaultConfigurationName = Release;
		};
		1EBBE6C51660B3CD00708B6D /* Build configuration list for PBXNativeTarget "gpen" */ = {
			isa = XCConfigurationList;
			buildConfigurations = (
				1EBBE6C61660B3CD00708B6D /* Debug */,
				1EBBE6C71660B3CD00708B6D /* Release */,
			);
			defaultConfigurationIsVisible = 0;
			defaultConfigurationName = Release;
		};
/* End XCConfigurationList section */

/* Begin XCVersionGroup section */
		1EBBE6EC1660C18A00708B6D /* gpen.xcdatamodeld */ = {
			isa = XCVersionGroup;
			children = (
				1EBBE6ED1660C18A00708B6D /* gpen.xcdatamodel */,
			);
			currentVersion = 1EBBE6ED1660C18A00708B6D /* gpen.xcdatamodel */;
			path = gpen.xcdatamodeld;
			sourceTree = "<group>";
			versionGroupType = wrapper.xcdatamodel;
		};
/* End XCVersionGroup section */
	};
	rootObject = 1EBBE68A1660B3CD00708B6D /* Project object */;
}
